// !$*UTF8*$!
{
	archiveVersion = 1;
	classes = {
	};
	objectVersion = 56;
	objects = {

/* Begin PBXBuildFile section */
		21C02F5D8914DCDE983A938E /* Pods_FunHer_FunHerUITests.framework in Frameworks */ = {isa = PBXBuildFile; fileRef = 6B75A1A216A845ACEB2FC777 /* Pods_FunHer_FunHerUITests.framework */; };
		36360CF60FA250277678AE94 /* Pods_FunHer.framework in Frameworks */ = {isa = PBXBuildFile; fileRef = 0AF1DD6E71AE6EE758C1C4B7 /* Pods_FunHer.framework */; };
		671CAAD22A66622A006140A8 /* AppDelegate.m in Sources */ = {isa = PBXBuildFile; fileRef = 671CAAD12A66622A006140A8 /* AppDelegate.m */; };
		671CAAD82A66622A006140A8 /* ViewController.m in Sources */ = {isa = PBXBuildFile; fileRef = 671CAAD72A66622A006140A8 /* ViewController.m */; };
		671CAADD2A66622B006140A8 /* Assets.xcassets in Resources */ = {isa = PBXBuildFile; fileRef = 671CAADC2A66622B006140A8 /* Assets.xcassets */; };
		671CAAE02A66622B006140A8 /* LaunchScreen.storyboard in Resources */ = {isa = PBXBuildFile; fileRef = 671CAADE2A66622B006140A8 /* LaunchScreen.storyboard */; };
		671CAAE32A66622B006140A8 /* main.m in Sources */ = {isa = PBXBuildFile; fileRef = 671CAAE22A66622B006140A8 /* main.m */; };
		671CAAED2A66622B006140A8 /* FunHerTests.m in Sources */ = {isa = PBXBuildFile; fileRef = 671CAAEC2A66622B006140A8 /* FunHerTests.m */; };
		671CAAF72A66622B006140A8 /* FunHerUITests.m in Sources */ = {isa = PBXBuildFile; fileRef = 671CAAF62A66622B006140A8 /* FunHerUITests.m */; };
		671CAAF92A66622B006140A8 /* FunHerUITestsLaunchTests.m in Sources */ = {isa = PBXBuildFile; fileRef = 671CAAF82A66622B006140A8 /* FunHerUITestsLaunchTests.m */; };
		671CAB082A676EC3006140A8 /* NSObject+Swizzle.m in Sources */ = {isa = PBXBuildFile; fileRef = 671CAB072A676EC3006140A8 /* NSObject+Swizzle.m */; };
		671CAB0B2A67708A006140A8 /* NSObject+Properties.m in Sources */ = {isa = PBXBuildFile; fileRef = 671CAB0A2A67708A006140A8 /* NSObject+Properties.m */; };
		671CAB102A6771F8006140A8 /* NSDictionary+Json.m in Sources */ = {isa = PBXBuildFile; fileRef = 671CAB0F2A6771F8006140A8 /* NSDictionary+Json.m */; };
		671CAB152A677354006140A8 /* NSArray+Json.m in Sources */ = {isa = PBXBuildFile; fileRef = 671CAB142A677354006140A8 /* NSArray+Json.m */; };
		671CAB182A6773B2006140A8 /* UIViewController+Alert.m in Sources */ = {isa = PBXBuildFile; fileRef = 671CAB172A6773B2006140A8 /* UIViewController+Alert.m */; };
		671CAB1C2A6775F2006140A8 /* NSString+Json.m in Sources */ = {isa = PBXBuildFile; fileRef = 671CAB1B2A6775F2006140A8 /* NSString+Json.m */; };
		671CAB1F2A677712006140A8 /* NSString+Encrypt.m in Sources */ = {isa = PBXBuildFile; fileRef = 671CAB1E2A677712006140A8 /* NSString+Encrypt.m */; };
		671CAB222A67C0EB006140A8 /* NSString+TextSize.m in Sources */ = {isa = PBXBuildFile; fileRef = 671CAB212A67C0EB006140A8 /* NSString+TextSize.m */; };
		671CAB262A67C546006140A8 /* NSDate+Format.m in Sources */ = {isa = PBXBuildFile; fileRef = 671CAB252A67C546006140A8 /* NSDate+Format.m */; };
		67406BB52A77861600E87AF5 /* FHCollectionAdapter.m in Sources */ = {isa = PBXBuildFile; fileRef = 67406BB42A77861600E87AF5 /* FHCollectionAdapter.m */; };
		67406BBA2A77882C00E87AF5 /* FHFileListVC.m in Sources */ = {isa = PBXBuildFile; fileRef = 67406BB92A77882C00E87AF5 /* FHFileListVC.m */; };
		67406BBD2A77963600E87AF5 /* FHFileListPresent.m in Sources */ = {isa = PBXBuildFile; fileRef = 67406BBC2A77963600E87AF5 /* FHFileListPresent.m */; };
		67406BC02A77967500E87AF5 /* FHFileCellModel.m in Sources */ = {isa = PBXBuildFile; fileRef = 67406BBF2A77967500E87AF5 /* FHFileCellModel.m */; };
		67406BC32A7796B700E87AF5 /* FHFileCollectionCell.m in Sources */ = {isa = PBXBuildFile; fileRef = 67406BC22A7796B700E87AF5 /* FHFileCollectionCell.m */; };
		67406BC72A77A14200E87AF5 /* FHFileModel.m in Sources */ = {isa = PBXBuildFile; fileRef = 67406BC62A77A14200E87AF5 /* FHFileModel.m */; };
		67406BCE2A789F2D00E87AF5 /* LZFileManager.m in Sources */ = {isa = PBXBuildFile; fileRef = 67406BCD2A789F2D00E87AF5 /* LZFileManager.m */; };
		67406C1B2A78CA8100E87AF5 /* SSPopListView.m in Sources */ = {isa = PBXBuildFile; fileRef = 67406BD42A78CA8100E87AF5 /* SSPopListView.m */; };
		67406C1C2A78CA8100E87AF5 /* UIControl+EnlargeTouchArea.m in Sources */ = {isa = PBXBuildFile; fileRef = 67406BD82A78CA8100E87AF5 /* UIControl+EnlargeTouchArea.m */; };
		67406C1D2A78CA8100E87AF5 /* ZLBigImageCell.m in Sources */ = {isa = PBXBuildFile; fileRef = 67406BD92A78CA8100E87AF5 /* ZLBigImageCell.m */; };
		67406C1E2A78CA8100E87AF5 /* ZLAlbumListController.m in Sources */ = {isa = PBXBuildFile; fileRef = 67406BDA2A78CA8100E87AF5 /* ZLAlbumListController.m */; };
		67406C1F2A78CA8100E87AF5 /* ZLPhotoBrowserCell.m in Sources */ = {isa = PBXBuildFile; fileRef = 67406BDF2A78CA8100E87AF5 /* ZLPhotoBrowserCell.m */; };
		67406C202A78CA8100E87AF5 /* ZLForceTouchPreviewController.m in Sources */ = {isa = PBXBuildFile; fileRef = 67406BE02A78CA8100E87AF5 /* ZLForceTouchPreviewController.m */; };
		67406C212A78CA8100E87AF5 /* ZLPhotoManager.m in Sources */ = {isa = PBXBuildFile; fileRef = 67406BE42A78CA8100E87AF5 /* ZLPhotoManager.m */; };
		67406C222A78CA8100E87AF5 /* ZLAnimateTransition.m in Sources */ = {isa = PBXBuildFile; fileRef = 67406BE92A78CA8100E87AF5 /* ZLAnimateTransition.m */; };
		67406C232A78CA8100E87AF5 /* ZLInteractiveTrasition.m in Sources */ = {isa = PBXBuildFile; fileRef = 67406BEB2A78CA8100E87AF5 /* ZLInteractiveTrasition.m */; };
		67406C242A78CA8100E87AF5 /* ZLPullDownInteractiveTransition.m in Sources */ = {isa = PBXBuildFile; fileRef = 67406BEE2A78CA8100E87AF5 /* ZLPullDownInteractiveTransition.m */; };
		67406C252A78CA8100E87AF5 /* ZLProgressView.m in Sources */ = {isa = PBXBuildFile; fileRef = 67406BF12A78CA8100E87AF5 /* ZLProgressView.m */; };
		67406C262A78CA8100E87AF5 /* ZLProgressHUD.m in Sources */ = {isa = PBXBuildFile; fileRef = 67406BF42A78CA8100E87AF5 /* ZLProgressHUD.m */; };
		67406C272A78CA8100E87AF5 /* NSBundle+ZLPhotoBrowser.m in Sources */ = {isa = PBXBuildFile; fileRef = 67406BF62A78CA8100E87AF5 /* NSBundle+ZLPhotoBrowser.m */; };
		67406C282A78CA8100E87AF5 /* ZLCustomCamera.m in Sources */ = {isa = PBXBuildFile; fileRef = 67406BFA2A78CA8100E87AF5 /* ZLCustomCamera.m */; };
		67406C292A78CA8100E87AF5 /* ZLPlayer.m in Sources */ = {isa = PBXBuildFile; fileRef = 67406BFB2A78CA8100E87AF5 /* ZLPlayer.m */; };
		67406C2A2A78CA8100E87AF5 /* UIImage+ZLPhotoBrowser.m in Sources */ = {isa = PBXBuildFile; fileRef = 67406BFC2A78CA8100E87AF5 /* UIImage+ZLPhotoBrowser.m */; };
		67406C2B2A78CA8100E87AF5 /* ToastUtils.m in Sources */ = {isa = PBXBuildFile; fileRef = 67406BFD2A78CA8100E87AF5 /* ToastUtils.m */; };
		67406C2C2A78CA8100E87AF5 /* ZLEditViewController.m in Sources */ = {isa = PBXBuildFile; fileRef = 67406BFE2A78CA8100E87AF5 /* ZLEditViewController.m */; };
		67406C2D2A78CA8100E87AF5 /* ZLCollectionCell.m in Sources */ = {isa = PBXBuildFile; fileRef = 67406C002A78CA8100E87AF5 /* ZLCollectionCell.m */; };
		67406C2E2A78CA8100E87AF5 /* ZLVideoPlayerControl.m in Sources */ = {isa = PBXBuildFile; fileRef = 67406C012A78CA8100E87AF5 /* ZLVideoPlayerControl.m */; };
		67406C2F2A78CA8100E87AF5 /* ZLNoAuthorityViewController.m in Sources */ = {isa = PBXBuildFile; fileRef = 67406C022A78CA8100E87AF5 /* ZLNoAuthorityViewController.m */; };
		67406C302A78CA8100E87AF5 /* ZLImageEditTool.m in Sources */ = {isa = PBXBuildFile; fileRef = 67406C042A78CA8100E87AF5 /* ZLImageEditTool.m */; };
		67406C312A78CA8100E87AF5 /* ZLBrushBoardImageView.m in Sources */ = {isa = PBXBuildFile; fileRef = 67406C072A78CA8100E87AF5 /* ZLBrushBoardImageView.m */; };
		67406C322A78CA8100E87AF5 /* ZLDrawItem.m in Sources */ = {isa = PBXBuildFile; fileRef = 67406C082A78CA8100E87AF5 /* ZLDrawItem.m */; };
		67406C332A78CA8100E87AF5 /* ZLClipItem.m in Sources */ = {isa = PBXBuildFile; fileRef = 67406C092A78CA8100E87AF5 /* ZLClipItem.m */; };
		67406C342A78CA8100E87AF5 /* ZLPhotoBrowser.bundle in Resources */ = {isa = PBXBuildFile; fileRef = 67406C0E2A78CA8100E87AF5 /* ZLPhotoBrowser.bundle */; };
		67406C352A78CA8100E87AF5 /* ZLPhotoActionSheet.xib in Resources */ = {isa = PBXBuildFile; fileRef = 67406C0F2A78CA8100E87AF5 /* ZLPhotoActionSheet.xib */; };
		67406C362A78CA8100E87AF5 /* ZLPhotoBrowserCell.xib in Resources */ = {isa = PBXBuildFile; fileRef = 67406C102A78CA8100E87AF5 /* ZLPhotoBrowserCell.xib */; };
		67406C372A78CA8100E87AF5 /* ZLShowBigImgViewController.m in Sources */ = {isa = PBXBuildFile; fileRef = 67406C122A78CA8100E87AF5 /* ZLShowBigImgViewController.m */; };
		67406C382A78CA8100E87AF5 /* ZLThumbnailViewController.m in Sources */ = {isa = PBXBuildFile; fileRef = 67406C142A78CA8100E87AF5 /* ZLThumbnailViewController.m */; };
		67406C392A78CA8100E87AF5 /* ZLPhotoActionSheet.m in Sources */ = {isa = PBXBuildFile; fileRef = 67406C152A78CA8100E87AF5 /* ZLPhotoActionSheet.m */; };
		67406C3A2A78CA8100E87AF5 /* ZLPhotoModel.m in Sources */ = {isa = PBXBuildFile; fileRef = 67406C172A78CA8100E87AF5 /* ZLPhotoModel.m */; };
		67406C3B2A78CA8100E87AF5 /* ZLEditVideoController.m in Sources */ = {isa = PBXBuildFile; fileRef = 67406C192A78CA8100E87AF5 /* ZLEditVideoController.m */; };
		67406C3C2A78CA8100E87AF5 /* ZLPhotoConfiguration.m in Sources */ = {isa = PBXBuildFile; fileRef = 67406C1A2A78CA8100E87AF5 /* ZLPhotoConfiguration.m */; };
		67406C402A78CDDE00E87AF5 /* FHPhotoLibrary.m in Sources */ = {isa = PBXBuildFile; fileRef = 67406C3F2A78CDDE00E87AF5 /* FHPhotoLibrary.m */; };
		67406C442A78DD1100E87AF5 /* YYDispatchQueuePool.m in Sources */ = {isa = PBXBuildFile; fileRef = 67406C432A78DD1100E87AF5 /* YYDispatchQueuePool.m */; };
		676D7CEB2A70EB1E0077762A /* NSObject+Analytics.m in Sources */ = {isa = PBXBuildFile; fileRef = 676D7CEA2A70EB1E0077762A /* NSObject+Analytics.m */; };
		676D7CEF2A70EF550077762A /* GCDTimer.m in Sources */ = {isa = PBXBuildFile; fileRef = 676D7CEE2A70EF550077762A /* GCDTimer.m */; };
		676D7CF42A70F1030077762A /* FHToast.m in Sources */ = {isa = PBXBuildFile; fileRef = 676D7CF32A70F1030077762A /* FHToast.m */; };
		6774FEA52A6A1177005F0DB9 /* FHServiceComandsManager.m in Sources */ = {isa = PBXBuildFile; fileRef = 6774FEA42A6A1177005F0DB9 /* FHServiceComandsManager.m */; };
		6774FEA82A6A11E9005F0DB9 /* FHRootVCCommand.m in Sources */ = {isa = PBXBuildFile; fileRef = 6774FEA72A6A11E9005F0DB9 /* FHRootVCCommand.m */; };
		6774FEAB2A6A126F005F0DB9 /* FHRealmDBCommand.m in Sources */ = {isa = PBXBuildFile; fileRef = 6774FEAA2A6A126F005F0DB9 /* FHRealmDBCommand.m */; };
		6774FEAE2A6A12CF005F0DB9 /* FHAppearanceCommand.m in Sources */ = {isa = PBXBuildFile; fileRef = 6774FEAD2A6A12CF005F0DB9 /* FHAppearanceCommand.m */; };
		6774FEB12A6A1309005F0DB9 /* FHLibraryCommand.m in Sources */ = {isa = PBXBuildFile; fileRef = 6774FEB02A6A1309005F0DB9 /* FHLibraryCommand.m */; };
		6774FEB92A6A2D02005F0DB9 /* InAppStoreManager.m in Sources */ = {isa = PBXBuildFile; fileRef = 6774FEB82A6A2D02005F0DB9 /* InAppStoreManager.m */; };
		6774FEBB2A6A2DD9005F0DB9 /* StoreList.plist in Resources */ = {isa = PBXBuildFile; fileRef = 6774FEBA2A6A2DD9005F0DB9 /* StoreList.plist */; };
		6774FEC02A6A707F005F0DB9 /* LZNetWorkManager.m in Sources */ = {isa = PBXBuildFile; fileRef = 6774FEBF2A6A707F005F0DB9 /* LZNetWorkManager.m */; };
		6774FEC52A6A710C005F0DB9 /* LZDBService.m in Sources */ = {isa = PBXBuildFile; fileRef = 6774FEC42A6A710C005F0DB9 /* LZDBService.m */; };
		6774FECC2A6E1BF5005F0DB9 /* ImageRLM.m in Sources */ = {isa = PBXBuildFile; fileRef = 6774FECB2A6E1BF5005F0DB9 /* ImageRLM.m */; };
		6774FECF2A6E1C0C005F0DB9 /* DocRLM.m in Sources */ = {isa = PBXBuildFile; fileRef = 6774FECE2A6E1C0C005F0DB9 /* DocRLM.m */; };
		6774FED22A6E1C28005F0DB9 /* FolderRLM.m in Sources */ = {isa = PBXBuildFile; fileRef = 6774FED12A6E1C28005F0DB9 /* FolderRLM.m */; };
		6774FED52A6E2AE3005F0DB9 /* LZFolderManager.m in Sources */ = {isa = PBXBuildFile; fileRef = 6774FED42A6E2AE3005F0DB9 /* LZFolderManager.m */; };
		6774FEDC2A6E6745005F0DB9 /* LZDocManager.m in Sources */ = {isa = PBXBuildFile; fileRef = 6774FEDB2A6E6745005F0DB9 /* LZDocManager.m */; };
		6774FEDF2A6E69BA005F0DB9 /* LZImageManager.m in Sources */ = {isa = PBXBuildFile; fileRef = 6774FEDE2A6E69BA005F0DB9 /* LZImageManager.m */; };
		6774FEE32A6E6DF0005F0DB9 /* FHFileDataSession.m in Sources */ = {isa = PBXBuildFile; fileRef = 6774FEE22A6E6DF0005F0DB9 /* FHFileDataSession.m */; };
		6774FEE62A6E7913005F0DB9 /* NSString+Path.m in Sources */ = {isa = PBXBuildFile; fileRef = 6774FEE52A6E7913005F0DB9 /* NSString+Path.m */; };
		6774FEE92A6EA6F5005F0DB9 /* FHReadFileSession.m in Sources */ = {isa = PBXBuildFile; fileRef = 6774FEE82A6EA6F5005F0DB9 /* FHReadFileSession.m */; };
		884558B0789C48F809F1F254 /* Pods_FunHerTests.framework in Frameworks */ = {isa = PBXBuildFile; fileRef = 47DEA04AF20251D1C522233A /* Pods_FunHerTests.framework */; };
/* End PBXBuildFile section */

/* Begin PBXContainerItemProxy section */
		671CAAE92A66622B006140A8 /* PBXContainerItemProxy */ = {
			isa = PBXContainerItemProxy;
			containerPortal = 671CAAC52A66622A006140A8 /* Project object */;
			proxyType = 1;
			remoteGlobalIDString = 671CAACC2A66622A006140A8;
			remoteInfo = FunHer;
		};
		671CAAF32A66622B006140A8 /* PBXContainerItemProxy */ = {
			isa = PBXContainerItemProxy;
			containerPortal = 671CAAC52A66622A006140A8 /* Project object */;
			proxyType = 1;
			remoteGlobalIDString = 671CAACC2A66622A006140A8;
			remoteInfo = FunHer;
		};
/* End PBXContainerItemProxy section */

/* Begin PBXFileReference section */
		0AF1DD6E71AE6EE758C1C4B7 /* Pods_FunHer.framework */ = {isa = PBXFileReference; explicitFileType = wrapper.framework; includeInIndex = 0; path = Pods_FunHer.framework; sourceTree = BUILT_PRODUCTS_DIR; };
		2E2A187D1FD5CB01EA752829 /* Pods-FunHer.debug.xcconfig */ = {isa = PBXFileReference; includeInIndex = 1; lastKnownFileType = text.xcconfig; name = "Pods-FunHer.debug.xcconfig"; path = "Target Support Files/Pods-FunHer/Pods-FunHer.debug.xcconfig"; sourceTree = "<group>"; };
		47DEA04AF20251D1C522233A /* Pods_FunHerTests.framework */ = {isa = PBXFileReference; explicitFileType = wrapper.framework; includeInIndex = 0; path = Pods_FunHerTests.framework; sourceTree = BUILT_PRODUCTS_DIR; };
		671CAACD2A66622A006140A8 /* FunHer.app */ = {isa = PBXFileReference; explicitFileType = wrapper.application; includeInIndex = 0; path = FunHer.app; sourceTree = BUILT_PRODUCTS_DIR; };
		671CAAD02A66622A006140A8 /* AppDelegate.h */ = {isa = PBXFileReference; lastKnownFileType = sourcecode.c.h; path = AppDelegate.h; sourceTree = "<group>"; };
		671CAAD12A66622A006140A8 /* AppDelegate.m */ = {isa = PBXFileReference; lastKnownFileType = sourcecode.c.objc; path = AppDelegate.m; sourceTree = "<group>"; };
		671CAAD62A66622A006140A8 /* ViewController.h */ = {isa = PBXFileReference; lastKnownFileType = sourcecode.c.h; path = ViewController.h; sourceTree = "<group>"; };
		671CAAD72A66622A006140A8 /* ViewController.m */ = {isa = PBXFileReference; lastKnownFileType = sourcecode.c.objc; path = ViewController.m; sourceTree = "<group>"; };
		671CAADC2A66622B006140A8 /* Assets.xcassets */ = {isa = PBXFileReference; lastKnownFileType = folder.assetcatalog; path = Assets.xcassets; sourceTree = "<group>"; };
		671CAADF2A66622B006140A8 /* Base */ = {isa = PBXFileReference; lastKnownFileType = file.storyboard; name = Base; path = Base.lproj/LaunchScreen.storyboard; sourceTree = "<group>"; };
		671CAAE12A66622B006140A8 /* Info.plist */ = {isa = PBXFileReference; lastKnownFileType = text.plist.xml; path = Info.plist; sourceTree = "<group>"; };
		671CAAE22A66622B006140A8 /* main.m */ = {isa = PBXFileReference; lastKnownFileType = sourcecode.c.objc; path = main.m; sourceTree = "<group>"; };
		671CAAE82A66622B006140A8 /* FunHerTests.xctest */ = {isa = PBXFileReference; explicitFileType = wrapper.cfbundle; includeInIndex = 0; path = FunHerTests.xctest; sourceTree = BUILT_PRODUCTS_DIR; };
		671CAAEC2A66622B006140A8 /* FunHerTests.m */ = {isa = PBXFileReference; lastKnownFileType = sourcecode.c.objc; path = FunHerTests.m; sourceTree = "<group>"; };
		671CAAF22A66622B006140A8 /* FunHerUITests.xctest */ = {isa = PBXFileReference; explicitFileType = wrapper.cfbundle; includeInIndex = 0; path = FunHerUITests.xctest; sourceTree = BUILT_PRODUCTS_DIR; };
		671CAAF62A66622B006140A8 /* FunHerUITests.m */ = {isa = PBXFileReference; lastKnownFileType = sourcecode.c.objc; path = FunHerUITests.m; sourceTree = "<group>"; };
		671CAAF82A66622B006140A8 /* FunHerUITestsLaunchTests.m */ = {isa = PBXFileReference; lastKnownFileType = sourcecode.c.objc; path = FunHerUITestsLaunchTests.m; sourceTree = "<group>"; };
		671CAB062A676EC3006140A8 /* NSObject+Swizzle.h */ = {isa = PBXFileReference; lastKnownFileType = sourcecode.c.h; path = "NSObject+Swizzle.h"; sourceTree = "<group>"; };
		671CAB072A676EC3006140A8 /* NSObject+Swizzle.m */ = {isa = PBXFileReference; lastKnownFileType = sourcecode.c.objc; path = "NSObject+Swizzle.m"; sourceTree = "<group>"; };
		671CAB092A67708A006140A8 /* NSObject+Properties.h */ = {isa = PBXFileReference; lastKnownFileType = sourcecode.c.h; path = "NSObject+Properties.h"; sourceTree = "<group>"; };
		671CAB0A2A67708A006140A8 /* NSObject+Properties.m */ = {isa = PBXFileReference; lastKnownFileType = sourcecode.c.objc; path = "NSObject+Properties.m"; sourceTree = "<group>"; };
		671CAB0E2A6771F8006140A8 /* NSDictionary+Json.h */ = {isa = PBXFileReference; lastKnownFileType = sourcecode.c.h; path = "NSDictionary+Json.h"; sourceTree = "<group>"; };
		671CAB0F2A6771F8006140A8 /* NSDictionary+Json.m */ = {isa = PBXFileReference; lastKnownFileType = sourcecode.c.objc; path = "NSDictionary+Json.m"; sourceTree = "<group>"; };
		671CAB132A677354006140A8 /* NSArray+Json.h */ = {isa = PBXFileReference; lastKnownFileType = sourcecode.c.h; path = "NSArray+Json.h"; sourceTree = "<group>"; };
		671CAB142A677354006140A8 /* NSArray+Json.m */ = {isa = PBXFileReference; lastKnownFileType = sourcecode.c.objc; path = "NSArray+Json.m"; sourceTree = "<group>"; };
		671CAB162A6773B2006140A8 /* UIViewController+Alert.h */ = {isa = PBXFileReference; lastKnownFileType = sourcecode.c.h; path = "UIViewController+Alert.h"; sourceTree = "<group>"; };
		671CAB172A6773B2006140A8 /* UIViewController+Alert.m */ = {isa = PBXFileReference; lastKnownFileType = sourcecode.c.objc; path = "UIViewController+Alert.m"; sourceTree = "<group>"; };
		671CAB1A2A6775F2006140A8 /* NSString+Json.h */ = {isa = PBXFileReference; lastKnownFileType = sourcecode.c.h; path = "NSString+Json.h"; sourceTree = "<group>"; };
		671CAB1B2A6775F2006140A8 /* NSString+Json.m */ = {isa = PBXFileReference; lastKnownFileType = sourcecode.c.objc; path = "NSString+Json.m"; sourceTree = "<group>"; };
		671CAB1D2A677712006140A8 /* NSString+Encrypt.h */ = {isa = PBXFileReference; lastKnownFileType = sourcecode.c.h; path = "NSString+Encrypt.h"; sourceTree = "<group>"; };
		671CAB1E2A677712006140A8 /* NSString+Encrypt.m */ = {isa = PBXFileReference; lastKnownFileType = sourcecode.c.objc; path = "NSString+Encrypt.m"; sourceTree = "<group>"; };
		671CAB202A67C0EB006140A8 /* NSString+TextSize.h */ = {isa = PBXFileReference; lastKnownFileType = sourcecode.c.h; path = "NSString+TextSize.h"; sourceTree = "<group>"; };
		671CAB212A67C0EB006140A8 /* NSString+TextSize.m */ = {isa = PBXFileReference; lastKnownFileType = sourcecode.c.objc; path = "NSString+TextSize.m"; sourceTree = "<group>"; };
		671CAB242A67C546006140A8 /* NSDate+Format.h */ = {isa = PBXFileReference; lastKnownFileType = sourcecode.c.h; path = "NSDate+Format.h"; sourceTree = "<group>"; };
		671CAB252A67C546006140A8 /* NSDate+Format.m */ = {isa = PBXFileReference; lastKnownFileType = sourcecode.c.objc; path = "NSDate+Format.m"; sourceTree = "<group>"; };
		671CAB292A67C850006140A8 /* FHServiceCommand.h */ = {isa = PBXFileReference; lastKnownFileType = sourcecode.c.h; path = FHServiceCommand.h; sourceTree = "<group>"; };
		67406BB32A77861600E87AF5 /* FHCollectionAdapter.h */ = {isa = PBXFileReference; lastKnownFileType = sourcecode.c.h; path = FHCollectionAdapter.h; sourceTree = "<group>"; };
		67406BB42A77861600E87AF5 /* FHCollectionAdapter.m */ = {isa = PBXFileReference; lastKnownFileType = sourcecode.c.objc; path = FHCollectionAdapter.m; sourceTree = "<group>"; };
		67406BB82A77882C00E87AF5 /* FHFileListVC.h */ = {isa = PBXFileReference; lastKnownFileType = sourcecode.c.h; path = FHFileListVC.h; sourceTree = "<group>"; };
		67406BB92A77882C00E87AF5 /* FHFileListVC.m */ = {isa = PBXFileReference; lastKnownFileType = sourcecode.c.objc; path = FHFileListVC.m; sourceTree = "<group>"; };
		67406BBB2A77963600E87AF5 /* FHFileListPresent.h */ = {isa = PBXFileReference; lastKnownFileType = sourcecode.c.h; path = FHFileListPresent.h; sourceTree = "<group>"; };
		67406BBC2A77963600E87AF5 /* FHFileListPresent.m */ = {isa = PBXFileReference; lastKnownFileType = sourcecode.c.objc; path = FHFileListPresent.m; sourceTree = "<group>"; };
		67406BBE2A77967500E87AF5 /* FHFileCellModel.h */ = {isa = PBXFileReference; lastKnownFileType = sourcecode.c.h; path = FHFileCellModel.h; sourceTree = "<group>"; };
		67406BBF2A77967500E87AF5 /* FHFileCellModel.m */ = {isa = PBXFileReference; lastKnownFileType = sourcecode.c.objc; path = FHFileCellModel.m; sourceTree = "<group>"; };
		67406BC12A7796B700E87AF5 /* FHFileCollectionCell.h */ = {isa = PBXFileReference; lastKnownFileType = sourcecode.c.h; path = FHFileCollectionCell.h; sourceTree = "<group>"; };
		67406BC22A7796B700E87AF5 /* FHFileCollectionCell.m */ = {isa = PBXFileReference; lastKnownFileType = sourcecode.c.objc; path = FHFileCollectionCell.m; sourceTree = "<group>"; };
		67406BC52A77A14200E87AF5 /* FHFileModel.h */ = {isa = PBXFileReference; lastKnownFileType = sourcecode.c.h; path = FHFileModel.h; sourceTree = "<group>"; };
		67406BC62A77A14200E87AF5 /* FHFileModel.m */ = {isa = PBXFileReference; lastKnownFileType = sourcecode.c.objc; path = FHFileModel.m; sourceTree = "<group>"; };
		67406BCC2A789F2D00E87AF5 /* LZFileManager.h */ = {isa = PBXFileReference; lastKnownFileType = sourcecode.c.h; path = LZFileManager.h; sourceTree = "<group>"; };
		67406BCD2A789F2D00E87AF5 /* LZFileManager.m */ = {isa = PBXFileReference; lastKnownFileType = sourcecode.c.objc; path = LZFileManager.m; sourceTree = "<group>"; };
		67406BCF2A78A74F00E87AF5 /* FHModelProtocol.h */ = {isa = PBXFileReference; lastKnownFileType = sourcecode.c.h; path = FHModelProtocol.h; sourceTree = "<group>"; };
		67406BD32A78CA8100E87AF5 /* SSPopListView.h */ = {isa = PBXFileReference; fileEncoding = 4; lastKnownFileType = sourcecode.c.h; path = SSPopListView.h; sourceTree = "<group>"; };
		67406BD42A78CA8100E87AF5 /* SSPopListView.m */ = {isa = PBXFileReference; fileEncoding = 4; lastKnownFileType = sourcecode.c.objc; path = SSPopListView.m; sourceTree = "<group>"; };
		67406BD62A78CA8100E87AF5 /* ZLCustomCamera.h */ = {isa = PBXFileReference; fileEncoding = 4; lastKnownFileType = sourcecode.c.h; path = ZLCustomCamera.h; sourceTree = "<group>"; };
		67406BD72A78CA8100E87AF5 /* ZLPhotoBrowser.h */ = {isa = PBXFileReference; fileEncoding = 4; lastKnownFileType = sourcecode.c.h; path = ZLPhotoBrowser.h; sourceTree = "<group>"; };
		67406BD82A78CA8100E87AF5 /* UIControl+EnlargeTouchArea.m */ = {isa = PBXFileReference; fileEncoding = 4; lastKnownFileType = sourcecode.c.objc; path = "UIControl+EnlargeTouchArea.m"; sourceTree = "<group>"; };
		67406BD92A78CA8100E87AF5 /* ZLBigImageCell.m */ = {isa = PBXFileReference; fileEncoding = 4; lastKnownFileType = sourcecode.c.objc; path = ZLBigImageCell.m; sourceTree = "<group>"; };
		67406BDA2A78CA8100E87AF5 /* ZLAlbumListController.m */ = {isa = PBXFileReference; fileEncoding = 4; lastKnownFileType = sourcecode.c.objc; path = ZLAlbumListController.m; sourceTree = "<group>"; };
		67406BDB2A78CA8100E87AF5 /* ZLEditViewController.h */ = {isa = PBXFileReference; fileEncoding = 4; lastKnownFileType = sourcecode.c.h; path = ZLEditViewController.h; sourceTree = "<group>"; };
		67406BDC2A78CA8100E87AF5 /* ToastUtils.h */ = {isa = PBXFileReference; fileEncoding = 4; lastKnownFileType = sourcecode.c.h; path = ToastUtils.h; sourceTree = "<group>"; };
		67406BDD2A78CA8100E87AF5 /* UIImage+ZLPhotoBrowser.h */ = {isa = PBXFileReference; fileEncoding = 4; lastKnownFileType = sourcecode.c.h; path = "UIImage+ZLPhotoBrowser.h"; sourceTree = "<group>"; };
		67406BDE2A78CA8100E87AF5 /* ZLPlayer.h */ = {isa = PBXFileReference; fileEncoding = 4; lastKnownFileType = sourcecode.c.h; path = ZLPlayer.h; sourceTree = "<group>"; };
		67406BDF2A78CA8100E87AF5 /* ZLPhotoBrowserCell.m */ = {isa = PBXFileReference; fileEncoding = 4; lastKnownFileType = sourcecode.c.objc; path = ZLPhotoBrowserCell.m; sourceTree = "<group>"; };
		67406BE02A78CA8100E87AF5 /* ZLForceTouchPreviewController.m */ = {isa = PBXFileReference; fileEncoding = 4; lastKnownFileType = sourcecode.c.objc; path = ZLForceTouchPreviewController.m; sourceTree = "<group>"; };
		67406BE12A78CA8100E87AF5 /* ZLCollectionCell.h */ = {isa = PBXFileReference; fileEncoding = 4; lastKnownFileType = sourcecode.c.h; path = ZLCollectionCell.h; sourceTree = "<group>"; };
		67406BE22A78CA8100E87AF5 /* ZLVideoPlayerControl.h */ = {isa = PBXFileReference; fileEncoding = 4; lastKnownFileType = sourcecode.c.h; path = ZLVideoPlayerControl.h; sourceTree = "<group>"; };
		67406BE32A78CA8100E87AF5 /* ZLNoAuthorityViewController.h */ = {isa = PBXFileReference; fileEncoding = 4; lastKnownFileType = sourcecode.c.h; path = ZLNoAuthorityViewController.h; sourceTree = "<group>"; };
		67406BE42A78CA8100E87AF5 /* ZLPhotoManager.m */ = {isa = PBXFileReference; fileEncoding = 4; lastKnownFileType = sourcecode.c.objc; path = ZLPhotoManager.m; sourceTree = "<group>"; };
		67406BE52A78CA8100E87AF5 /* ZLPhotoConfiguration.h */ = {isa = PBXFileReference; fileEncoding = 4; lastKnownFileType = sourcecode.c.h; path = ZLPhotoConfiguration.h; sourceTree = "<group>"; };
		67406BE62A78CA8100E87AF5 /* ZLDefine.h */ = {isa = PBXFileReference; fileEncoding = 4; lastKnownFileType = sourcecode.c.h; path = ZLDefine.h; sourceTree = "<group>"; };
		67406BE82A78CA8100E87AF5 /* ZLInteractiveTrasition.h */ = {isa = PBXFileReference; fileEncoding = 4; lastKnownFileType = sourcecode.c.h; path = ZLInteractiveTrasition.h; sourceTree = "<group>"; };
		67406BE92A78CA8100E87AF5 /* ZLAnimateTransition.m */ = {isa = PBXFileReference; fileEncoding = 4; lastKnownFileType = sourcecode.c.objc; path = ZLAnimateTransition.m; sourceTree = "<group>"; };
		67406BEA2A78CA8100E87AF5 /* ZLPullDownInteractiveTransition.h */ = {isa = PBXFileReference; fileEncoding = 4; lastKnownFileType = sourcecode.c.h; path = ZLPullDownInteractiveTransition.h; sourceTree = "<group>"; };
		67406BEB2A78CA8100E87AF5 /* ZLInteractiveTrasition.m */ = {isa = PBXFileReference; fileEncoding = 4; lastKnownFileType = sourcecode.c.objc; path = ZLInteractiveTrasition.m; sourceTree = "<group>"; };
		67406BEC2A78CA8100E87AF5 /* ZLInteractiveAnimateProtocol.h */ = {isa = PBXFileReference; fileEncoding = 4; lastKnownFileType = sourcecode.c.h; path = ZLInteractiveAnimateProtocol.h; sourceTree = "<group>"; };
		67406BED2A78CA8100E87AF5 /* ZLAnimateTransition.h */ = {isa = PBXFileReference; fileEncoding = 4; lastKnownFileType = sourcecode.c.h; path = ZLAnimateTransition.h; sourceTree = "<group>"; };
		67406BEE2A78CA8100E87AF5 /* ZLPullDownInteractiveTransition.m */ = {isa = PBXFileReference; fileEncoding = 4; lastKnownFileType = sourcecode.c.objc; path = ZLPullDownInteractiveTransition.m; sourceTree = "<group>"; };
		67406BEF2A78CA8100E87AF5 /* ZLEditVideoController.h */ = {isa = PBXFileReference; fileEncoding = 4; lastKnownFileType = sourcecode.c.h; path = ZLEditVideoController.h; sourceTree = "<group>"; };
		67406BF02A78CA8100E87AF5 /* ZLPhotoModel.h */ = {isa = PBXFileReference; fileEncoding = 4; lastKnownFileType = sourcecode.c.h; path = ZLPhotoModel.h; sourceTree = "<group>"; };
		67406BF12A78CA8100E87AF5 /* ZLProgressView.m */ = {isa = PBXFileReference; fileEncoding = 4; lastKnownFileType = sourcecode.c.objc; path = ZLProgressView.m; sourceTree = "<group>"; };
		67406BF22A78CA8100E87AF5 /* ZLThumbnailViewController.h */ = {isa = PBXFileReference; fileEncoding = 4; lastKnownFileType = sourcecode.c.h; path = ZLThumbnailViewController.h; sourceTree = "<group>"; };
		67406BF32A78CA8100E87AF5 /* ZLPhotoActionSheet.h */ = {isa = PBXFileReference; fileEncoding = 4; lastKnownFileType = sourcecode.c.h; path = ZLPhotoActionSheet.h; sourceTree = "<group>"; };
		67406BF42A78CA8100E87AF5 /* ZLProgressHUD.m */ = {isa = PBXFileReference; fileEncoding = 4; lastKnownFileType = sourcecode.c.objc; path = ZLProgressHUD.m; sourceTree = "<group>"; };
		67406BF52A78CA8100E87AF5 /* ZLShowBigImgViewController.h */ = {isa = PBXFileReference; fileEncoding = 4; lastKnownFileType = sourcecode.c.h; path = ZLShowBigImgViewController.h; sourceTree = "<group>"; };
		67406BF62A78CA8100E87AF5 /* NSBundle+ZLPhotoBrowser.m */ = {isa = PBXFileReference; fileEncoding = 4; lastKnownFileType = sourcecode.c.objc; path = "NSBundle+ZLPhotoBrowser.m"; sourceTree = "<group>"; };
		67406BF72A78CA8100E87AF5 /* ZLAlbumListController.h */ = {isa = PBXFileReference; fileEncoding = 4; lastKnownFileType = sourcecode.c.h; path = ZLAlbumListController.h; sourceTree = "<group>"; };
		67406BF82A78CA8100E87AF5 /* UIControl+EnlargeTouchArea.h */ = {isa = PBXFileReference; fileEncoding = 4; lastKnownFileType = sourcecode.c.h; path = "UIControl+EnlargeTouchArea.h"; sourceTree = "<group>"; };
		67406BF92A78CA8100E87AF5 /* ZLBigImageCell.h */ = {isa = PBXFileReference; fileEncoding = 4; lastKnownFileType = sourcecode.c.h; path = ZLBigImageCell.h; sourceTree = "<group>"; };
		67406BFA2A78CA8100E87AF5 /* ZLCustomCamera.m */ = {isa = PBXFileReference; fileEncoding = 4; lastKnownFileType = sourcecode.c.objc; path = ZLCustomCamera.m; sourceTree = "<group>"; };
		67406BFB2A78CA8100E87AF5 /* ZLPlayer.m */ = {isa = PBXFileReference; fileEncoding = 4; lastKnownFileType = sourcecode.c.objc; path = ZLPlayer.m; sourceTree = "<group>"; };
		67406BFC2A78CA8100E87AF5 /* UIImage+ZLPhotoBrowser.m */ = {isa = PBXFileReference; fileEncoding = 4; lastKnownFileType = sourcecode.c.objc; path = "UIImage+ZLPhotoBrowser.m"; sourceTree = "<group>"; };
		67406BFD2A78CA8100E87AF5 /* ToastUtils.m */ = {isa = PBXFileReference; fileEncoding = 4; lastKnownFileType = sourcecode.c.objc; path = ToastUtils.m; sourceTree = "<group>"; };
		67406BFE2A78CA8100E87AF5 /* ZLEditViewController.m */ = {isa = PBXFileReference; fileEncoding = 4; lastKnownFileType = sourcecode.c.objc; path = ZLEditViewController.m; sourceTree = "<group>"; };
		67406BFF2A78CA8100E87AF5 /* ZLPhotoManager.h */ = {isa = PBXFileReference; fileEncoding = 4; lastKnownFileType = sourcecode.c.h; path = ZLPhotoManager.h; sourceTree = "<group>"; };
		67406C002A78CA8100E87AF5 /* ZLCollectionCell.m */ = {isa = PBXFileReference; fileEncoding = 4; lastKnownFileType = sourcecode.c.objc; path = ZLCollectionCell.m; sourceTree = "<group>"; };
		67406C012A78CA8100E87AF5 /* ZLVideoPlayerControl.m */ = {isa = PBXFileReference; fileEncoding = 4; lastKnownFileType = sourcecode.c.objc; path = ZLVideoPlayerControl.m; sourceTree = "<group>"; };
		67406C022A78CA8100E87AF5 /* ZLNoAuthorityViewController.m */ = {isa = PBXFileReference; fileEncoding = 4; lastKnownFileType = sourcecode.c.objc; path = ZLNoAuthorityViewController.m; sourceTree = "<group>"; };
		67406C042A78CA8100E87AF5 /* ZLImageEditTool.m */ = {isa = PBXFileReference; fileEncoding = 4; lastKnownFileType = sourcecode.c.objc; path = ZLImageEditTool.m; sourceTree = "<group>"; };
		67406C052A78CA8100E87AF5 /* ZLClipItem.h */ = {isa = PBXFileReference; fileEncoding = 4; lastKnownFileType = sourcecode.c.h; path = ZLClipItem.h; sourceTree = "<group>"; };
		67406C062A78CA8100E87AF5 /* ZLDrawItem.h */ = {isa = PBXFileReference; fileEncoding = 4; lastKnownFileType = sourcecode.c.h; path = ZLDrawItem.h; sourceTree = "<group>"; };
		67406C072A78CA8100E87AF5 /* ZLBrushBoardImageView.m */ = {isa = PBXFileReference; fileEncoding = 4; lastKnownFileType = sourcecode.c.objc; path = ZLBrushBoardImageView.m; sourceTree = "<group>"; };
		67406C082A78CA8100E87AF5 /* ZLDrawItem.m */ = {isa = PBXFileReference; fileEncoding = 4; lastKnownFileType = sourcecode.c.objc; path = ZLDrawItem.m; sourceTree = "<group>"; };
		67406C092A78CA8100E87AF5 /* ZLClipItem.m */ = {isa = PBXFileReference; fileEncoding = 4; lastKnownFileType = sourcecode.c.objc; path = ZLClipItem.m; sourceTree = "<group>"; };
		67406C0A2A78CA8100E87AF5 /* ZLImageEditTool.h */ = {isa = PBXFileReference; fileEncoding = 4; lastKnownFileType = sourcecode.c.h; path = ZLImageEditTool.h; sourceTree = "<group>"; };
		67406C0B2A78CA8100E87AF5 /* ZLBrushBoardImageView.h */ = {isa = PBXFileReference; fileEncoding = 4; lastKnownFileType = sourcecode.c.h; path = ZLBrushBoardImageView.h; sourceTree = "<group>"; };
		67406C0C2A78CA8100E87AF5 /* ZLForceTouchPreviewController.h */ = {isa = PBXFileReference; fileEncoding = 4; lastKnownFileType = sourcecode.c.h; path = ZLForceTouchPreviewController.h; sourceTree = "<group>"; };
		67406C0E2A78CA8100E87AF5 /* ZLPhotoBrowser.bundle */ = {isa = PBXFileReference; lastKnownFileType = "wrapper.plug-in"; path = ZLPhotoBrowser.bundle; sourceTree = "<group>"; };
		67406C0F2A78CA8100E87AF5 /* ZLPhotoActionSheet.xib */ = {isa = PBXFileReference; fileEncoding = 4; lastKnownFileType = file.xib; path = ZLPhotoActionSheet.xib; sourceTree = "<group>"; };
		67406C102A78CA8100E87AF5 /* ZLPhotoBrowserCell.xib */ = {isa = PBXFileReference; fileEncoding = 4; lastKnownFileType = file.xib; path = ZLPhotoBrowserCell.xib; sourceTree = "<group>"; };
		67406C112A78CA8100E87AF5 /* ZLPhotoBrowserCell.h */ = {isa = PBXFileReference; fileEncoding = 4; lastKnownFileType = sourcecode.c.h; path = ZLPhotoBrowserCell.h; sourceTree = "<group>"; };
		67406C122A78CA8100E87AF5 /* ZLShowBigImgViewController.m */ = {isa = PBXFileReference; fileEncoding = 4; lastKnownFileType = sourcecode.c.objc; path = ZLShowBigImgViewController.m; sourceTree = "<group>"; };
		67406C132A78CA8100E87AF5 /* NSBundle+ZLPhotoBrowser.h */ = {isa = PBXFileReference; fileEncoding = 4; lastKnownFileType = sourcecode.c.h; path = "NSBundle+ZLPhotoBrowser.h"; sourceTree = "<group>"; };
		67406C142A78CA8100E87AF5 /* ZLThumbnailViewController.m */ = {isa = PBXFileReference; fileEncoding = 4; lastKnownFileType = sourcecode.c.objc; path = ZLThumbnailViewController.m; sourceTree = "<group>"; };
		67406C152A78CA8100E87AF5 /* ZLPhotoActionSheet.m */ = {isa = PBXFileReference; fileEncoding = 4; lastKnownFileType = sourcecode.c.objc; path = ZLPhotoActionSheet.m; sourceTree = "<group>"; };
		67406C162A78CA8100E87AF5 /* ZLProgressHUD.h */ = {isa = PBXFileReference; fileEncoding = 4; lastKnownFileType = sourcecode.c.h; path = ZLProgressHUD.h; sourceTree = "<group>"; };
		67406C172A78CA8100E87AF5 /* ZLPhotoModel.m */ = {isa = PBXFileReference; fileEncoding = 4; lastKnownFileType = sourcecode.c.objc; path = ZLPhotoModel.m; sourceTree = "<group>"; };
		67406C182A78CA8100E87AF5 /* ZLProgressView.h */ = {isa = PBXFileReference; fileEncoding = 4; lastKnownFileType = sourcecode.c.h; path = ZLProgressView.h; sourceTree = "<group>"; };
		67406C192A78CA8100E87AF5 /* ZLEditVideoController.m */ = {isa = PBXFileReference; fileEncoding = 4; lastKnownFileType = sourcecode.c.objc; path = ZLEditVideoController.m; sourceTree = "<group>"; };
		67406C1A2A78CA8100E87AF5 /* ZLPhotoConfiguration.m */ = {isa = PBXFileReference; fileEncoding = 4; lastKnownFileType = sourcecode.c.objc; path = ZLPhotoConfiguration.m; sourceTree = "<group>"; };
		67406C3E2A78CDDE00E87AF5 /* FHPhotoLibrary.h */ = {isa = PBXFileReference; lastKnownFileType = sourcecode.c.h; path = FHPhotoLibrary.h; sourceTree = "<group>"; };
		67406C3F2A78CDDE00E87AF5 /* FHPhotoLibrary.m */ = {isa = PBXFileReference; lastKnownFileType = sourcecode.c.objc; path = FHPhotoLibrary.m; sourceTree = "<group>"; };
		67406C422A78DD1100E87AF5 /* YYDispatchQueuePool.h */ = {isa = PBXFileReference; fileEncoding = 4; lastKnownFileType = sourcecode.c.h; path = YYDispatchQueuePool.h; sourceTree = "<group>"; };
		67406C432A78DD1100E87AF5 /* YYDispatchQueuePool.m */ = {isa = PBXFileReference; fileEncoding = 4; lastKnownFileType = sourcecode.c.objc; path = YYDispatchQueuePool.m; sourceTree = "<group>"; };
		676D7CE92A70EB1E0077762A /* NSObject+Analytics.h */ = {isa = PBXFileReference; lastKnownFileType = sourcecode.c.h; path = "NSObject+Analytics.h"; sourceTree = "<group>"; };
		676D7CEA2A70EB1E0077762A /* NSObject+Analytics.m */ = {isa = PBXFileReference; lastKnownFileType = sourcecode.c.objc; path = "NSObject+Analytics.m"; sourceTree = "<group>"; };
		676D7CED2A70EF550077762A /* GCDTimer.h */ = {isa = PBXFileReference; lastKnownFileType = sourcecode.c.h; path = GCDTimer.h; sourceTree = "<group>"; };
		676D7CEE2A70EF550077762A /* GCDTimer.m */ = {isa = PBXFileReference; lastKnownFileType = sourcecode.c.objc; path = GCDTimer.m; sourceTree = "<group>"; };
		676D7CF22A70F1030077762A /* FHToast.h */ = {isa = PBXFileReference; lastKnownFileType = sourcecode.c.h; path = FHToast.h; sourceTree = "<group>"; };
		676D7CF32A70F1030077762A /* FHToast.m */ = {isa = PBXFileReference; lastKnownFileType = sourcecode.c.objc; path = FHToast.m; sourceTree = "<group>"; };
		6774FEA32A6A1177005F0DB9 /* FHServiceComandsManager.h */ = {isa = PBXFileReference; lastKnownFileType = sourcecode.c.h; path = FHServiceComandsManager.h; sourceTree = "<group>"; };
		6774FEA42A6A1177005F0DB9 /* FHServiceComandsManager.m */ = {isa = PBXFileReference; lastKnownFileType = sourcecode.c.objc; path = FHServiceComandsManager.m; sourceTree = "<group>"; };
		6774FEA62A6A11E9005F0DB9 /* FHRootVCCommand.h */ = {isa = PBXFileReference; lastKnownFileType = sourcecode.c.h; path = FHRootVCCommand.h; sourceTree = "<group>"; };
		6774FEA72A6A11E9005F0DB9 /* FHRootVCCommand.m */ = {isa = PBXFileReference; lastKnownFileType = sourcecode.c.objc; path = FHRootVCCommand.m; sourceTree = "<group>"; };
		6774FEA92A6A126F005F0DB9 /* FHRealmDBCommand.h */ = {isa = PBXFileReference; lastKnownFileType = sourcecode.c.h; path = FHRealmDBCommand.h; sourceTree = "<group>"; };
		6774FEAA2A6A126F005F0DB9 /* FHRealmDBCommand.m */ = {isa = PBXFileReference; lastKnownFileType = sourcecode.c.objc; path = FHRealmDBCommand.m; sourceTree = "<group>"; };
		6774FEAC2A6A12CF005F0DB9 /* FHAppearanceCommand.h */ = {isa = PBXFileReference; lastKnownFileType = sourcecode.c.h; path = FHAppearanceCommand.h; sourceTree = "<group>"; };
		6774FEAD2A6A12CF005F0DB9 /* FHAppearanceCommand.m */ = {isa = PBXFileReference; lastKnownFileType = sourcecode.c.objc; path = FHAppearanceCommand.m; sourceTree = "<group>"; };
		6774FEAF2A6A1309005F0DB9 /* FHLibraryCommand.h */ = {isa = PBXFileReference; lastKnownFileType = sourcecode.c.h; path = FHLibraryCommand.h; sourceTree = "<group>"; };
		6774FEB02A6A1309005F0DB9 /* FHLibraryCommand.m */ = {isa = PBXFileReference; lastKnownFileType = sourcecode.c.objc; path = FHLibraryCommand.m; sourceTree = "<group>"; };
		6774FEB32A6A1686005F0DB9 /* FunHer-Prefix.pch */ = {isa = PBXFileReference; lastKnownFileType = sourcecode.c.h; path = "FunHer-Prefix.pch"; sourceTree = "<group>"; };
		6774FEB42A6A18C9005F0DB9 /* FunHer-Marco.h */ = {isa = PBXFileReference; lastKnownFileType = sourcecode.c.h; path = "FunHer-Marco.h"; sourceTree = "<group>"; };
		6774FEB72A6A2D02005F0DB9 /* InAppStoreManager.h */ = {isa = PBXFileReference; lastKnownFileType = sourcecode.c.h; path = InAppStoreManager.h; sourceTree = "<group>"; };
		6774FEB82A6A2D02005F0DB9 /* InAppStoreManager.m */ = {isa = PBXFileReference; lastKnownFileType = sourcecode.c.objc; path = InAppStoreManager.m; sourceTree = "<group>"; };
		6774FEBA2A6A2DD9005F0DB9 /* StoreList.plist */ = {isa = PBXFileReference; lastKnownFileType = text.plist.xml; path = StoreList.plist; sourceTree = "<group>"; };
		6774FEBE2A6A707F005F0DB9 /* LZNetWorkManager.h */ = {isa = PBXFileReference; lastKnownFileType = sourcecode.c.h; path = LZNetWorkManager.h; sourceTree = "<group>"; };
		6774FEBF2A6A707F005F0DB9 /* LZNetWorkManager.m */ = {isa = PBXFileReference; lastKnownFileType = sourcecode.c.objc; path = LZNetWorkManager.m; sourceTree = "<group>"; };
		6774FEC32A6A710C005F0DB9 /* LZDBService.h */ = {isa = PBXFileReference; lastKnownFileType = sourcecode.c.h; path = LZDBService.h; sourceTree = "<group>"; };
		6774FEC42A6A710C005F0DB9 /* LZDBService.m */ = {isa = PBXFileReference; lastKnownFileType = sourcecode.c.objc; path = LZDBService.m; sourceTree = "<group>"; };
		6774FEC62A6E1152005F0DB9 /* LZRLMObjectProtocol.h */ = {isa = PBXFileReference; lastKnownFileType = sourcecode.c.h; path = LZRLMObjectProtocol.h; sourceTree = "<group>"; };
		6774FECA2A6E1BF5005F0DB9 /* ImageRLM.h */ = {isa = PBXFileReference; lastKnownFileType = sourcecode.c.h; path = ImageRLM.h; sourceTree = "<group>"; };
		6774FECB2A6E1BF5005F0DB9 /* ImageRLM.m */ = {isa = PBXFileReference; lastKnownFileType = sourcecode.c.objc; path = ImageRLM.m; sourceTree = "<group>"; };
		6774FECD2A6E1C0C005F0DB9 /* DocRLM.h */ = {isa = PBXFileReference; lastKnownFileType = sourcecode.c.h; path = DocRLM.h; sourceTree = "<group>"; };
		6774FECE2A6E1C0C005F0DB9 /* DocRLM.m */ = {isa = PBXFileReference; lastKnownFileType = sourcecode.c.objc; path = DocRLM.m; sourceTree = "<group>"; };
		6774FED02A6E1C28005F0DB9 /* FolderRLM.h */ = {isa = PBXFileReference; lastKnownFileType = sourcecode.c.h; path = FolderRLM.h; sourceTree = "<group>"; };
		6774FED12A6E1C28005F0DB9 /* FolderRLM.m */ = {isa = PBXFileReference; lastKnownFileType = sourcecode.c.objc; path = FolderRLM.m; sourceTree = "<group>"; };
		6774FED32A6E2AE3005F0DB9 /* LZFolderManager.h */ = {isa = PBXFileReference; lastKnownFileType = sourcecode.c.h; path = LZFolderManager.h; sourceTree = "<group>"; };
		6774FED42A6E2AE3005F0DB9 /* LZFolderManager.m */ = {isa = PBXFileReference; lastKnownFileType = sourcecode.c.objc; path = LZFolderManager.m; sourceTree = "<group>"; };
		6774FEDA2A6E6745005F0DB9 /* LZDocManager.h */ = {isa = PBXFileReference; lastKnownFileType = sourcecode.c.h; path = LZDocManager.h; sourceTree = "<group>"; };
		6774FEDB2A6E6745005F0DB9 /* LZDocManager.m */ = {isa = PBXFileReference; lastKnownFileType = sourcecode.c.objc; path = LZDocManager.m; sourceTree = "<group>"; };
		6774FEDD2A6E69BA005F0DB9 /* LZImageManager.h */ = {isa = PBXFileReference; lastKnownFileType = sourcecode.c.h; path = LZImageManager.h; sourceTree = "<group>"; };
		6774FEDE2A6E69BA005F0DB9 /* LZImageManager.m */ = {isa = PBXFileReference; lastKnownFileType = sourcecode.c.objc; path = LZImageManager.m; sourceTree = "<group>"; };
		6774FEE12A6E6DF0005F0DB9 /* FHFileDataSession.h */ = {isa = PBXFileReference; lastKnownFileType = sourcecode.c.h; path = FHFileDataSession.h; sourceTree = "<group>"; };
		6774FEE22A6E6DF0005F0DB9 /* FHFileDataSession.m */ = {isa = PBXFileReference; lastKnownFileType = sourcecode.c.objc; path = FHFileDataSession.m; sourceTree = "<group>"; };
		6774FEE42A6E7913005F0DB9 /* NSString+Path.h */ = {isa = PBXFileReference; lastKnownFileType = sourcecode.c.h; path = "NSString+Path.h"; sourceTree = "<group>"; };
		6774FEE52A6E7913005F0DB9 /* NSString+Path.m */ = {isa = PBXFileReference; lastKnownFileType = sourcecode.c.objc; path = "NSString+Path.m"; sourceTree = "<group>"; };
		6774FEE72A6EA6F5005F0DB9 /* FHReadFileSession.h */ = {isa = PBXFileReference; lastKnownFileType = sourcecode.c.h; path = FHReadFileSession.h; sourceTree = "<group>"; };
		6774FEE82A6EA6F5005F0DB9 /* FHReadFileSession.m */ = {isa = PBXFileReference; lastKnownFileType = sourcecode.c.objc; path = FHReadFileSession.m; sourceTree = "<group>"; };
		6B75A1A216A845ACEB2FC777 /* Pods_FunHer_FunHerUITests.framework */ = {isa = PBXFileReference; explicitFileType = wrapper.framework; includeInIndex = 0; path = Pods_FunHer_FunHerUITests.framework; sourceTree = BUILT_PRODUCTS_DIR; };
		766B2729B846C048293D9ACF /* Pods-FunHer-FunHerUITests.debug.xcconfig */ = {isa = PBXFileReference; includeInIndex = 1; lastKnownFileType = text.xcconfig; name = "Pods-FunHer-FunHerUITests.debug.xcconfig"; path = "Target Support Files/Pods-FunHer-FunHerUITests/Pods-FunHer-FunHerUITests.debug.xcconfig"; sourceTree = "<group>"; };
		98A625AD7A3E41E1ACACF6B9 /* Pods-FunHer-FunHerUITests.release.xcconfig */ = {isa = PBXFileReference; includeInIndex = 1; lastKnownFileType = text.xcconfig; name = "Pods-FunHer-FunHerUITests.release.xcconfig"; path = "Target Support Files/Pods-FunHer-FunHerUITests/Pods-FunHer-FunHerUITests.release.xcconfig"; sourceTree = "<group>"; };
		A9D2876EAEDE7A21A84452BF /* Pods-FunHerTests.release.xcconfig */ = {isa = PBXFileReference; includeInIndex = 1; lastKnownFileType = text.xcconfig; name = "Pods-FunHerTests.release.xcconfig"; path = "Target Support Files/Pods-FunHerTests/Pods-FunHerTests.release.xcconfig"; sourceTree = "<group>"; };
		CE0751C380392153ECB3C515 /* Pods-FunHerTests.debug.xcconfig */ = {isa = PBXFileReference; includeInIndex = 1; lastKnownFileType = text.xcconfig; name = "Pods-FunHerTests.debug.xcconfig"; path = "Target Support Files/Pods-FunHerTests/Pods-FunHerTests.debug.xcconfig"; sourceTree = "<group>"; };
		D6A7C5640D4271641CFD015E /* Pods-FunHer.release.xcconfig */ = {isa = PBXFileReference; includeInIndex = 1; lastKnownFileType = text.xcconfig; name = "Pods-FunHer.release.xcconfig"; path = "Target Support Files/Pods-FunHer/Pods-FunHer.release.xcconfig"; sourceTree = "<group>"; };
/* End PBXFileReference section */

/* Begin PBXFrameworksBuildPhase section */
		671CAACA2A66622A006140A8 /* Frameworks */ = {
			isa = PBXFrameworksBuildPhase;
			buildActionMask = 2147483647;
			files = (
				36360CF60FA250277678AE94 /* Pods_FunHer.framework in Frameworks */,
			);
			runOnlyForDeploymentPostprocessing = 0;
		};
		671CAAE52A66622B006140A8 /* Frameworks */ = {
			isa = PBXFrameworksBuildPhase;
			buildActionMask = 2147483647;
			files = (
				884558B0789C48F809F1F254 /* Pods_FunHerTests.framework in Frameworks */,
			);
			runOnlyForDeploymentPostprocessing = 0;
		};
		671CAAEF2A66622B006140A8 /* Frameworks */ = {
			isa = PBXFrameworksBuildPhase;
			buildActionMask = 2147483647;
			files = (
				21C02F5D8914DCDE983A938E /* Pods_FunHer_FunHerUITests.framework in Frameworks */,
			);
			runOnlyForDeploymentPostprocessing = 0;
		};
/* End PBXFrameworksBuildPhase section */

/* Begin PBXGroup section */
		3A511140D4303BACA56D02AD /* Frameworks */ = {
			isa = PBXGroup;
			children = (
				0AF1DD6E71AE6EE758C1C4B7 /* Pods_FunHer.framework */,
				6B75A1A216A845ACEB2FC777 /* Pods_FunHer_FunHerUITests.framework */,
				47DEA04AF20251D1C522233A /* Pods_FunHerTests.framework */,
			);
			name = Frameworks;
			sourceTree = "<group>";
		};
		59445706A85853B14B987BAF /* Pods */ = {
			isa = PBXGroup;
			children = (
				2E2A187D1FD5CB01EA752829 /* Pods-FunHer.debug.xcconfig */,
				D6A7C5640D4271641CFD015E /* Pods-FunHer.release.xcconfig */,
				766B2729B846C048293D9ACF /* Pods-FunHer-FunHerUITests.debug.xcconfig */,
				98A625AD7A3E41E1ACACF6B9 /* Pods-FunHer-FunHerUITests.release.xcconfig */,
				CE0751C380392153ECB3C515 /* Pods-FunHerTests.debug.xcconfig */,
				A9D2876EAEDE7A21A84452BF /* Pods-FunHerTests.release.xcconfig */,
			);
			path = Pods;
			sourceTree = "<group>";
		};
		671CAAC42A66622A006140A8 = {
			isa = PBXGroup;
			children = (
				671CAACF2A66622A006140A8 /* FunHer */,
				671CAAEB2A66622B006140A8 /* FunHerTests */,
				671CAAF52A66622B006140A8 /* FunHerUITests */,
				671CAACE2A66622A006140A8 /* Products */,
				59445706A85853B14B987BAF /* Pods */,
				3A511140D4303BACA56D02AD /* Frameworks */,
			);
			sourceTree = "<group>";
		};
		671CAACE2A66622A006140A8 /* Products */ = {
			isa = PBXGroup;
			children = (
				671CAACD2A66622A006140A8 /* FunHer.app */,
				671CAAE82A66622B006140A8 /* FunHerTests.xctest */,
				671CAAF22A66622B006140A8 /* FunHerUITests.xctest */,
			);
			name = Products;
			sourceTree = "<group>";
		};
		671CAACF2A66622A006140A8 /* FunHer */ = {
			isa = PBXGroup;
			children = (
				671CAAD02A66622A006140A8 /* AppDelegate.h */,
				671CAAD12A66622A006140A8 /* AppDelegate.m */,
				671CAAD62A66622A006140A8 /* ViewController.h */,
				671CAAD72A66622A006140A8 /* ViewController.m */,
				6774FEB22A6A148E005F0DB9 /* Headers */,
				6774FEBC2A6A6FF7005F0DB9 /* Domain */,
				6774FEB52A6A2C31005F0DB9 /* Application */,
				67406BB62A77878900E87AF5 /* Presentations */,
				671CAB272A67C6B2006140A8 /* Components */,
				671CAB052A676C4E006140A8 /* Category */,
				67406BCA2A77AE1F00E87AF5 /* Resources */,
				67406BD02A78CA4F00E87AF5 /* Library */,
				671CAADC2A66622B006140A8 /* Assets.xcassets */,
				671CAADE2A66622B006140A8 /* LaunchScreen.storyboard */,
				671CAAE12A66622B006140A8 /* Info.plist */,
				671CAAE22A66622B006140A8 /* main.m */,
			);
			path = FunHer;
			sourceTree = "<group>";
		};
		671CAAEB2A66622B006140A8 /* FunHerTests */ = {
			isa = PBXGroup;
			children = (
				671CAAEC2A66622B006140A8 /* FunHerTests.m */,
			);
			path = FunHerTests;
			sourceTree = "<group>";
		};
		671CAAF52A66622B006140A8 /* FunHerUITests */ = {
			isa = PBXGroup;
			children = (
				671CAAF62A66622B006140A8 /* FunHerUITests.m */,
				671CAAF82A66622B006140A8 /* FunHerUITestsLaunchTests.m */,
			);
			path = FunHerUITests;
			sourceTree = "<group>";
		};
		671CAB052A676C4E006140A8 /* Category */ = {
			isa = PBXGroup;
			children = (
				671CAB232A67C52E006140A8 /* NSDate */,
				671CAB192A6775B8006140A8 /* NSString */,
				671CAB122A677327006140A8 /* UIViewController */,
				671CAB112A6772A5006140A8 /* NSArray */,
				671CAB0D2A677147006140A8 /* NSDictionary */,
				671CAB0C2A6770DC006140A8 /* NSObject */,
			);
			path = Category;
			sourceTree = "<group>";
		};
		671CAB0C2A6770DC006140A8 /* NSObject */ = {
			isa = PBXGroup;
			children = (
				671CAB062A676EC3006140A8 /* NSObject+Swizzle.h */,
				671CAB072A676EC3006140A8 /* NSObject+Swizzle.m */,
				671CAB092A67708A006140A8 /* NSObject+Properties.h */,
				671CAB0A2A67708A006140A8 /* NSObject+Properties.m */,
				676D7CE92A70EB1E0077762A /* NSObject+Analytics.h */,
				676D7CEA2A70EB1E0077762A /* NSObject+Analytics.m */,
			);
			path = NSObject;
			sourceTree = "<group>";
		};
		671CAB0D2A677147006140A8 /* NSDictionary */ = {
			isa = PBXGroup;
			children = (
				671CAB0E2A6771F8006140A8 /* NSDictionary+Json.h */,
				671CAB0F2A6771F8006140A8 /* NSDictionary+Json.m */,
			);
			path = NSDictionary;
			sourceTree = "<group>";
		};
		671CAB112A6772A5006140A8 /* NSArray */ = {
			isa = PBXGroup;
			children = (
				671CAB132A677354006140A8 /* NSArray+Json.h */,
				671CAB142A677354006140A8 /* NSArray+Json.m */,
			);
			path = NSArray;
			sourceTree = "<group>";
		};
		671CAB122A677327006140A8 /* UIViewController */ = {
			isa = PBXGroup;
			children = (
				671CAB162A6773B2006140A8 /* UIViewController+Alert.h */,
				671CAB172A6773B2006140A8 /* UIViewController+Alert.m */,
			);
			path = UIViewController;
			sourceTree = "<group>";
		};
		671CAB192A6775B8006140A8 /* NSString */ = {
			isa = PBXGroup;
			children = (
				671CAB1A2A6775F2006140A8 /* NSString+Json.h */,
				671CAB1B2A6775F2006140A8 /* NSString+Json.m */,
				671CAB1D2A677712006140A8 /* NSString+Encrypt.h */,
				671CAB1E2A677712006140A8 /* NSString+Encrypt.m */,
				671CAB202A67C0EB006140A8 /* NSString+TextSize.h */,
				671CAB212A67C0EB006140A8 /* NSString+TextSize.m */,
				6774FEE42A6E7913005F0DB9 /* NSString+Path.h */,
				6774FEE52A6E7913005F0DB9 /* NSString+Path.m */,
			);
			path = NSString;
			sourceTree = "<group>";
		};
		671CAB232A67C52E006140A8 /* NSDate */ = {
			isa = PBXGroup;
			children = (
				671CAB242A67C546006140A8 /* NSDate+Format.h */,
				671CAB252A67C546006140A8 /* NSDate+Format.m */,
			);
			path = NSDate;
			sourceTree = "<group>";
		};
		671CAB272A67C6B2006140A8 /* Components */ = {
			isa = PBXGroup;
			children = (
				67406C412A78DD1100E87AF5 /* DispatchQueuePool */,
				67406C3D2A78CD9600E87AF5 /* Photo */,
				67406BB22A77858C00E87AF5 /* Adapter */,
				676D7CF12A70F0CE0077762A /* Toast */,
				676D7CEC2A70EF190077762A /* Timer */,
				671CAB282A67C7D6006140A8 /* AppDelegateService */,
			);
			path = Components;
			sourceTree = "<group>";
		};
		671CAB282A67C7D6006140A8 /* AppDelegateService */ = {
			isa = PBXGroup;
			children = (
				671CAB292A67C850006140A8 /* FHServiceCommand.h */,
				6774FEA32A6A1177005F0DB9 /* FHServiceComandsManager.h */,
				6774FEA42A6A1177005F0DB9 /* FHServiceComandsManager.m */,
				6774FEA62A6A11E9005F0DB9 /* FHRootVCCommand.h */,
				6774FEA72A6A11E9005F0DB9 /* FHRootVCCommand.m */,
				6774FEA92A6A126F005F0DB9 /* FHRealmDBCommand.h */,
				6774FEAA2A6A126F005F0DB9 /* FHRealmDBCommand.m */,
				6774FEAC2A6A12CF005F0DB9 /* FHAppearanceCommand.h */,
				6774FEAD2A6A12CF005F0DB9 /* FHAppearanceCommand.m */,
				6774FEAF2A6A1309005F0DB9 /* FHLibraryCommand.h */,
				6774FEB02A6A1309005F0DB9 /* FHLibraryCommand.m */,
			);
			path = AppDelegateService;
			sourceTree = "<group>";
		};
		67406BB22A77858C00E87AF5 /* Adapter */ = {
			isa = PBXGroup;
			children = (
				67406BB32A77861600E87AF5 /* FHCollectionAdapter.h */,
				67406BB42A77861600E87AF5 /* FHCollectionAdapter.m */,
			);
			path = Adapter;
			sourceTree = "<group>";
		};
		67406BB62A77878900E87AF5 /* Presentations */ = {
			isa = PBXGroup;
			children = (
				67406BC42A77A11100E87AF5 /* FileModel */,
				67406BB72A7787CE00E87AF5 /* FileList */,
			);
			path = Presentations;
			sourceTree = "<group>";
		};
		67406BB72A7787CE00E87AF5 /* FileList */ = {
			isa = PBXGroup;
			children = (
				67406BB82A77882C00E87AF5 /* FHFileListVC.h */,
				67406BB92A77882C00E87AF5 /* FHFileListVC.m */,
				67406BBB2A77963600E87AF5 /* FHFileListPresent.h */,
				67406BBC2A77963600E87AF5 /* FHFileListPresent.m */,
				67406BBE2A77967500E87AF5 /* FHFileCellModel.h */,
				67406BBF2A77967500E87AF5 /* FHFileCellModel.m */,
				67406BC12A7796B700E87AF5 /* FHFileCollectionCell.h */,
				67406BC22A7796B700E87AF5 /* FHFileCollectionCell.m */,
			);
			path = FileList;
			sourceTree = "<group>";
		};
		67406BC42A77A11100E87AF5 /* FileModel */ = {
			isa = PBXGroup;
			children = (
				67406BC52A77A14200E87AF5 /* FHFileModel.h */,
				67406BC62A77A14200E87AF5 /* FHFileModel.m */,
				67406BCF2A78A74F00E87AF5 /* FHModelProtocol.h */,
			);
			path = FileModel;
			sourceTree = "<group>";
		};
		67406BCA2A77AE1F00E87AF5 /* Resources */ = {
			isa = PBXGroup;
			children = (
			);
			path = Resources;
			sourceTree = "<group>";
		};
		67406BCB2A789F0E00E87AF5 /* FileManager */ = {
			isa = PBXGroup;
			children = (
				67406BCC2A789F2D00E87AF5 /* LZFileManager.h */,
				67406BCD2A789F2D00E87AF5 /* LZFileManager.m */,
			);
			path = FileManager;
			sourceTree = "<group>";
		};
		67406BD02A78CA4F00E87AF5 /* Library */ = {
			isa = PBXGroup;
			children = (
				67406BD12A78CA8100E87AF5 /* ZLPhotoBrowser */,
			);
			path = Library;
			sourceTree = "<group>";
		};
		67406BD12A78CA8100E87AF5 /* ZLPhotoBrowser */ = {
			isa = PBXGroup;
			children = (
				67406BD22A78CA8100E87AF5 /* PopTableView */,
				67406BD52A78CA8100E87AF5 /* PhotoBrowser */,
			);
			path = ZLPhotoBrowser;
			sourceTree = "<group>";
		};
		67406BD22A78CA8100E87AF5 /* PopTableView */ = {
			isa = PBXGroup;
			children = (
				67406BD32A78CA8100E87AF5 /* SSPopListView.h */,
				67406BD42A78CA8100E87AF5 /* SSPopListView.m */,
			);
			path = PopTableView;
			sourceTree = "<group>";
		};
		67406BD52A78CA8100E87AF5 /* PhotoBrowser */ = {
			isa = PBXGroup;
			children = (
				67406BF22A78CA8100E87AF5 /* ZLThumbnailViewController.h */,
				67406C142A78CA8100E87AF5 /* ZLThumbnailViewController.m */,
				67406C0C2A78CA8100E87AF5 /* ZLForceTouchPreviewController.h */,
				67406BE02A78CA8100E87AF5 /* ZLForceTouchPreviewController.m */,
				67406BE22A78CA8100E87AF5 /* ZLVideoPlayerControl.h */,
				67406C012A78CA8100E87AF5 /* ZLVideoPlayerControl.m */,
				67406BEF2A78CA8100E87AF5 /* ZLEditVideoController.h */,
				67406C192A78CA8100E87AF5 /* ZLEditVideoController.m */,
				67406BF52A78CA8100E87AF5 /* ZLShowBigImgViewController.h */,
				67406C122A78CA8100E87AF5 /* ZLShowBigImgViewController.m */,
				67406BDB2A78CA8100E87AF5 /* ZLEditViewController.h */,
				67406BFE2A78CA8100E87AF5 /* ZLEditViewController.m */,
				67406BE32A78CA8100E87AF5 /* ZLNoAuthorityViewController.h */,
				67406C022A78CA8100E87AF5 /* ZLNoAuthorityViewController.m */,
				67406BF72A78CA8100E87AF5 /* ZLAlbumListController.h */,
				67406BDA2A78CA8100E87AF5 /* ZLAlbumListController.m */,
				67406BF02A78CA8100E87AF5 /* ZLPhotoModel.h */,
				67406C172A78CA8100E87AF5 /* ZLPhotoModel.m */,
				67406BF32A78CA8100E87AF5 /* ZLPhotoActionSheet.h */,
				67406C152A78CA8100E87AF5 /* ZLPhotoActionSheet.m */,
				67406BFF2A78CA8100E87AF5 /* ZLPhotoManager.h */,
				67406BE42A78CA8100E87AF5 /* ZLPhotoManager.m */,
				67406BE52A78CA8100E87AF5 /* ZLPhotoConfiguration.h */,
				67406C1A2A78CA8100E87AF5 /* ZLPhotoConfiguration.m */,
				67406BD62A78CA8100E87AF5 /* ZLCustomCamera.h */,
				67406BFA2A78CA8100E87AF5 /* ZLCustomCamera.m */,
				67406BD72A78CA8100E87AF5 /* ZLPhotoBrowser.h */,
				67406BDE2A78CA8100E87AF5 /* ZLPlayer.h */,
				67406BFB2A78CA8100E87AF5 /* ZLPlayer.m */,
				67406BE62A78CA8100E87AF5 /* ZLDefine.h */,
				67406BDC2A78CA8100E87AF5 /* ToastUtils.h */,
				67406BFD2A78CA8100E87AF5 /* ToastUtils.m */,
				67406BF82A78CA8100E87AF5 /* UIControl+EnlargeTouchArea.h */,
				67406BD82A78CA8100E87AF5 /* UIControl+EnlargeTouchArea.m */,
				67406C132A78CA8100E87AF5 /* NSBundle+ZLPhotoBrowser.h */,
				67406BF62A78CA8100E87AF5 /* NSBundle+ZLPhotoBrowser.m */,
				67406BDD2A78CA8100E87AF5 /* UIImage+ZLPhotoBrowser.h */,
				67406BFC2A78CA8100E87AF5 /* UIImage+ZLPhotoBrowser.m */,
				67406BF92A78CA8100E87AF5 /* ZLBigImageCell.h */,
				67406BD92A78CA8100E87AF5 /* ZLBigImageCell.m */,
				67406C112A78CA8100E87AF5 /* ZLPhotoBrowserCell.h */,
				67406BDF2A78CA8100E87AF5 /* ZLPhotoBrowserCell.m */,
				67406BE12A78CA8100E87AF5 /* ZLCollectionCell.h */,
				67406C002A78CA8100E87AF5 /* ZLCollectionCell.m */,
				67406C182A78CA8100E87AF5 /* ZLProgressView.h */,
				67406BF12A78CA8100E87AF5 /* ZLProgressView.m */,
				67406C162A78CA8100E87AF5 /* ZLProgressHUD.h */,
				67406BF42A78CA8100E87AF5 /* ZLProgressHUD.m */,
				67406BE72A78CA8100E87AF5 /* Animation */,
				67406C032A78CA8100E87AF5 /* ZLImageEditTools */,
				67406C0D2A78CA8100E87AF5 /* resource */,
			);
			path = PhotoBrowser;
			sourceTree = "<group>";
		};
		67406BE72A78CA8100E87AF5 /* Animation */ = {
			isa = PBXGroup;
			children = (
				67406BE82A78CA8100E87AF5 /* ZLInteractiveTrasition.h */,
				67406BE92A78CA8100E87AF5 /* ZLAnimateTransition.m */,
				67406BEA2A78CA8100E87AF5 /* ZLPullDownInteractiveTransition.h */,
				67406BEB2A78CA8100E87AF5 /* ZLInteractiveTrasition.m */,
				67406BEC2A78CA8100E87AF5 /* ZLInteractiveAnimateProtocol.h */,
				67406BED2A78CA8100E87AF5 /* ZLAnimateTransition.h */,
				67406BEE2A78CA8100E87AF5 /* ZLPullDownInteractiveTransition.m */,
			);
			path = Animation;
			sourceTree = "<group>";
		};
		67406C032A78CA8100E87AF5 /* ZLImageEditTools */ = {
			isa = PBXGroup;
			children = (
				67406C052A78CA8100E87AF5 /* ZLClipItem.h */,
				67406C092A78CA8100E87AF5 /* ZLClipItem.m */,
				67406C062A78CA8100E87AF5 /* ZLDrawItem.h */,
				67406C082A78CA8100E87AF5 /* ZLDrawItem.m */,
				67406C0A2A78CA8100E87AF5 /* ZLImageEditTool.h */,
				67406C042A78CA8100E87AF5 /* ZLImageEditTool.m */,
				67406C0B2A78CA8100E87AF5 /* ZLBrushBoardImageView.h */,
				67406C072A78CA8100E87AF5 /* ZLBrushBoardImageView.m */,
			);
			path = ZLImageEditTools;
			sourceTree = "<group>";
		};
		67406C0D2A78CA8100E87AF5 /* resource */ = {
			isa = PBXGroup;
			children = (
				67406C0E2A78CA8100E87AF5 /* ZLPhotoBrowser.bundle */,
				67406C0F2A78CA8100E87AF5 /* ZLPhotoActionSheet.xib */,
				67406C102A78CA8100E87AF5 /* ZLPhotoBrowserCell.xib */,
			);
			path = resource;
			sourceTree = "<group>";
		};
		67406C3D2A78CD9600E87AF5 /* Photo */ = {
			isa = PBXGroup;
			children = (
				67406C3E2A78CDDE00E87AF5 /* FHPhotoLibrary.h */,
				67406C3F2A78CDDE00E87AF5 /* FHPhotoLibrary.m */,
			);
			path = Photo;
			sourceTree = "<group>";
		};
		67406C412A78DD1100E87AF5 /* DispatchQueuePool */ = {
			isa = PBXGroup;
			children = (
				67406C422A78DD1100E87AF5 /* YYDispatchQueuePool.h */,
				67406C432A78DD1100E87AF5 /* YYDispatchQueuePool.m */,
			);
			path = DispatchQueuePool;
			sourceTree = "<group>";
		};
		676D7CEC2A70EF190077762A /* Timer */ = {
			isa = PBXGroup;
			children = (
				676D7CED2A70EF550077762A /* GCDTimer.h */,
				676D7CEE2A70EF550077762A /* GCDTimer.m */,
			);
			path = Timer;
			sourceTree = "<group>";
		};
		676D7CF12A70F0CE0077762A /* Toast */ = {
			isa = PBXGroup;
			children = (
				676D7CF22A70F1030077762A /* FHToast.h */,
				676D7CF32A70F1030077762A /* FHToast.m */,
			);
			path = Toast;
			sourceTree = "<group>";
		};
		6774FEB22A6A148E005F0DB9 /* Headers */ = {
			isa = PBXGroup;
			children = (
				6774FEB32A6A1686005F0DB9 /* FunHer-Prefix.pch */,
				6774FEB42A6A18C9005F0DB9 /* FunHer-Marco.h */,
			);
			path = Headers;
			sourceTree = "<group>";
		};
		6774FEB52A6A2C31005F0DB9 /* Application */ = {
			isa = PBXGroup;
			children = (
				6774FEE02A6E6BB7005F0DB9 /* FileDataManager */,
				6774FEB62A6A2C58005F0DB9 /* InAppPurchase */,
			);
			path = Application;
			sourceTree = "<group>";
		};
		6774FEB62A6A2C58005F0DB9 /* InAppPurchase */ = {
			isa = PBXGroup;
			children = (
				6774FEB72A6A2D02005F0DB9 /* InAppStoreManager.h */,
				6774FEB82A6A2D02005F0DB9 /* InAppStoreManager.m */,
				6774FEBA2A6A2DD9005F0DB9 /* StoreList.plist */,
			);
			path = InAppPurchase;
			sourceTree = "<group>";
		};
		6774FEBC2A6A6FF7005F0DB9 /* Domain */ = {
			isa = PBXGroup;
			children = (
				67406BCB2A789F0E00E87AF5 /* FileManager */,
				6774FEC12A6A7089005F0DB9 /* DB */,
				6774FEBD2A6A700C005F0DB9 /* NetWork */,
			);
			path = Domain;
			sourceTree = "<group>";
		};
		6774FEBD2A6A700C005F0DB9 /* NetWork */ = {
			isa = PBXGroup;
			children = (
				6774FEBE2A6A707F005F0DB9 /* LZNetWorkManager.h */,
				6774FEBF2A6A707F005F0DB9 /* LZNetWorkManager.m */,
			);
			path = NetWork;
			sourceTree = "<group>";
		};
		6774FEC12A6A7089005F0DB9 /* DB */ = {
			isa = PBXGroup;
			children = (
				6774FEC92A6E13E3005F0DB9 /* ImageRoot */,
				6774FEC82A6E13D2005F0DB9 /* DocRoot */,
				6774FEC72A6E1182005F0DB9 /* FolderRoot */,
				6774FEC22A6A70BC005F0DB9 /* Service */,
			);
			path = DB;
			sourceTree = "<group>";
		};
		6774FEC22A6A70BC005F0DB9 /* Service */ = {
			isa = PBXGroup;
			children = (
				6774FEC32A6A710C005F0DB9 /* LZDBService.h */,
				6774FEC42A6A710C005F0DB9 /* LZDBService.m */,
				6774FEC62A6E1152005F0DB9 /* LZRLMObjectProtocol.h */,
			);
			path = Service;
			sourceTree = "<group>";
		};
		6774FEC72A6E1182005F0DB9 /* FolderRoot */ = {
			isa = PBXGroup;
			children = (
				6774FED02A6E1C28005F0DB9 /* FolderRLM.h */,
				6774FED12A6E1C28005F0DB9 /* FolderRLM.m */,
				6774FED32A6E2AE3005F0DB9 /* LZFolderManager.h */,
				6774FED42A6E2AE3005F0DB9 /* LZFolderManager.m */,
			);
			path = FolderRoot;
			sourceTree = "<group>";
		};
		6774FEC82A6E13D2005F0DB9 /* DocRoot */ = {
			isa = PBXGroup;
			children = (
				6774FECD2A6E1C0C005F0DB9 /* DocRLM.h */,
				6774FECE2A6E1C0C005F0DB9 /* DocRLM.m */,
				6774FEDA2A6E6745005F0DB9 /* LZDocManager.h */,
				6774FEDB2A6E6745005F0DB9 /* LZDocManager.m */,
			);
			path = DocRoot;
			sourceTree = "<group>";
		};
		6774FEC92A6E13E3005F0DB9 /* ImageRoot */ = {
			isa = PBXGroup;
			children = (
				6774FECA2A6E1BF5005F0DB9 /* ImageRLM.h */,
				6774FECB2A6E1BF5005F0DB9 /* ImageRLM.m */,
				6774FEDD2A6E69BA005F0DB9 /* LZImageManager.h */,
				6774FEDE2A6E69BA005F0DB9 /* LZImageManager.m */,
			);
			path = ImageRoot;
			sourceTree = "<group>";
		};
		6774FEE02A6E6BB7005F0DB9 /* FileDataManager */ = {
			isa = PBXGroup;
			children = (
				6774FEE12A6E6DF0005F0DB9 /* FHFileDataSession.h */,
				6774FEE22A6E6DF0005F0DB9 /* FHFileDataSession.m */,
				6774FEE72A6EA6F5005F0DB9 /* FHReadFileSession.h */,
				6774FEE82A6EA6F5005F0DB9 /* FHReadFileSession.m */,
			);
			path = FileDataManager;
			sourceTree = "<group>";
		};
/* End PBXGroup section */

/* Begin PBXNativeTarget section */
		671CAACC2A66622A006140A8 /* FunHer */ = {
			isa = PBXNativeTarget;
			buildConfigurationList = 671CAAFC2A66622B006140A8 /* Build configuration list for PBXNativeTarget "FunHer" */;
			buildPhases = (
				D7069CB064AF8CBD916A6BBE /* [CP] Check Pods Manifest.lock */,
				671CAAC92A66622A006140A8 /* Sources */,
				671CAACA2A66622A006140A8 /* Frameworks */,
				671CAACB2A66622A006140A8 /* Resources */,
				0A8576F4805A85E4351FA5CE /* [CP] Embed Pods Frameworks */,
			);
			buildRules = (
			);
			dependencies = (
			);
			name = FunHer;
			productName = FunHer;
			productReference = 671CAACD2A66622A006140A8 /* FunHer.app */;
			productType = "com.apple.product-type.application";
		};
		671CAAE72A66622B006140A8 /* FunHerTests */ = {
			isa = PBXNativeTarget;
			buildConfigurationList = 671CAAFF2A66622B006140A8 /* Build configuration list for PBXNativeTarget "FunHerTests" */;
			buildPhases = (
				6B9CFA30A7ADF0F74BD2FD8A /* [CP] Check Pods Manifest.lock */,
				671CAAE42A66622B006140A8 /* Sources */,
				671CAAE52A66622B006140A8 /* Frameworks */,
				671CAAE62A66622B006140A8 /* Resources */,
			);
			buildRules = (
			);
			dependencies = (
				671CAAEA2A66622B006140A8 /* PBXTargetDependency */,
			);
			name = FunHerTests;
			productName = FunHerTests;
			productReference = 671CAAE82A66622B006140A8 /* FunHerTests.xctest */;
			productType = "com.apple.product-type.bundle.unit-test";
		};
		671CAAF12A66622B006140A8 /* FunHerUITests */ = {
			isa = PBXNativeTarget;
			buildConfigurationList = 671CAB022A66622B006140A8 /* Build configuration list for PBXNativeTarget "FunHerUITests" */;
			buildPhases = (
				ED29C1F9A36765326DF31735 /* [CP] Check Pods Manifest.lock */,
				671CAAEE2A66622B006140A8 /* Sources */,
				671CAAEF2A66622B006140A8 /* Frameworks */,
				671CAAF02A66622B006140A8 /* Resources */,
				241842C05DB33A073DB00AFE /* [CP] Embed Pods Frameworks */,
			);
			buildRules = (
			);
			dependencies = (
				671CAAF42A66622B006140A8 /* PBXTargetDependency */,
			);
			name = FunHerUITests;
			productName = FunHerUITests;
			productReference = 671CAAF22A66622B006140A8 /* FunHerUITests.xctest */;
			productType = "com.apple.product-type.bundle.ui-testing";
		};
/* End PBXNativeTarget section */

/* Begin PBXProject section */
		671CAAC52A66622A006140A8 /* Project object */ = {
			isa = PBXProject;
			attributes = {
				BuildIndependentTargetsInParallel = 1;
				LastUpgradeCheck = 1430;
				TargetAttributes = {
					671CAACC2A66622A006140A8 = {
						CreatedOnToolsVersion = 14.3.1;
					};
					671CAAE72A66622B006140A8 = {
						CreatedOnToolsVersion = 14.3.1;
						TestTargetID = 671CAACC2A66622A006140A8;
					};
					671CAAF12A66622B006140A8 = {
						CreatedOnToolsVersion = 14.3.1;
						TestTargetID = 671CAACC2A66622A006140A8;
					};
				};
			};
			buildConfigurationList = 671CAAC82A66622A006140A8 /* Build configuration list for PBXProject "FunHer" */;
			compatibilityVersion = "Xcode 14.0";
			developmentRegion = en;
			hasScannedForEncodings = 0;
			knownRegions = (
				en,
				Base,
			);
			mainGroup = 671CAAC42A66622A006140A8;
			productRefGroup = 671CAACE2A66622A006140A8 /* Products */;
			projectDirPath = "";
			projectRoot = "";
			targets = (
				671CAACC2A66622A006140A8 /* FunHer */,
				671CAAE72A66622B006140A8 /* FunHerTests */,
				671CAAF12A66622B006140A8 /* FunHerUITests */,
			);
		};
/* End PBXProject section */

/* Begin PBXResourcesBuildPhase section */
		671CAACB2A66622A006140A8 /* Resources */ = {
			isa = PBXResourcesBuildPhase;
			buildActionMask = 2147483647;
			files = (
				671CAAE02A66622B006140A8 /* LaunchScreen.storyboard in Resources */,
				67406C362A78CA8100E87AF5 /* ZLPhotoBrowserCell.xib in Resources */,
				67406C342A78CA8100E87AF5 /* ZLPhotoBrowser.bundle in Resources */,
				671CAADD2A66622B006140A8 /* Assets.xcassets in Resources */,
				67406C352A78CA8100E87AF5 /* ZLPhotoActionSheet.xib in Resources */,
				6774FEBB2A6A2DD9005F0DB9 /* StoreList.plist in Resources */,
			);
			runOnlyForDeploymentPostprocessing = 0;
		};
		671CAAE62A66622B006140A8 /* Resources */ = {
			isa = PBXResourcesBuildPhase;
			buildActionMask = 2147483647;
			files = (
			);
			runOnlyForDeploymentPostprocessing = 0;
		};
		671CAAF02A66622B006140A8 /* Resources */ = {
			isa = PBXResourcesBuildPhase;
			buildActionMask = 2147483647;
			files = (
			);
			runOnlyForDeploymentPostprocessing = 0;
		};
/* End PBXResourcesBuildPhase section */

/* Begin PBXShellScriptBuildPhase section */
		0A8576F4805A85E4351FA5CE /* [CP] Embed Pods Frameworks */ = {
			isa = PBXShellScriptBuildPhase;
			buildActionMask = 2147483647;
			files = (
			);
			inputFileListPaths = (
				"${PODS_ROOT}/Target Support Files/Pods-FunHer/Pods-FunHer-frameworks-${CONFIGURATION}-input-files.xcfilelist",
			);
			name = "[CP] Embed Pods Frameworks";
			outputFileListPaths = (
				"${PODS_ROOT}/Target Support Files/Pods-FunHer/Pods-FunHer-frameworks-${CONFIGURATION}-output-files.xcfilelist",
			);
			runOnlyForDeploymentPostprocessing = 0;
			shellPath = /bin/sh;
			shellScript = "\"${PODS_ROOT}/Target Support Files/Pods-FunHer/Pods-FunHer-frameworks.sh\"\n";
			showEnvVarsInLog = 0;
		};
		241842C05DB33A073DB00AFE /* [CP] Embed Pods Frameworks */ = {
			isa = PBXShellScriptBuildPhase;
			buildActionMask = 2147483647;
			files = (
			);
			inputFileListPaths = (
				"${PODS_ROOT}/Target Support Files/Pods-FunHer-FunHerUITests/Pods-FunHer-FunHerUITests-frameworks-${CONFIGURATION}-input-files.xcfilelist",
			);
			name = "[CP] Embed Pods Frameworks";
			outputFileListPaths = (
				"${PODS_ROOT}/Target Support Files/Pods-FunHer-FunHerUITests/Pods-FunHer-FunHerUITests-frameworks-${CONFIGURATION}-output-files.xcfilelist",
			);
			runOnlyForDeploymentPostprocessing = 0;
			shellPath = /bin/sh;
			shellScript = "\"${PODS_ROOT}/Target Support Files/Pods-FunHer-FunHerUITests/Pods-FunHer-FunHerUITests-frameworks.sh\"\n";
			showEnvVarsInLog = 0;
		};
		6B9CFA30A7ADF0F74BD2FD8A /* [CP] Check Pods Manifest.lock */ = {
			isa = PBXShellScriptBuildPhase;
			buildActionMask = 2147483647;
			files = (
			);
			inputFileListPaths = (
			);
			inputPaths = (
				"${PODS_PODFILE_DIR_PATH}/Podfile.lock",
				"${PODS_ROOT}/Manifest.lock",
			);
			name = "[CP] Check Pods Manifest.lock";
			outputFileListPaths = (
			);
			outputPaths = (
				"$(DERIVED_FILE_DIR)/Pods-FunHerTests-checkManifestLockResult.txt",
			);
			runOnlyForDeploymentPostprocessing = 0;
			shellPath = /bin/sh;
			shellScript = "diff \"${PODS_PODFILE_DIR_PATH}/Podfile.lock\" \"${PODS_ROOT}/Manifest.lock\" > /dev/null\nif [ $? != 0 ] ; then\n    # print error to STDERR\n    echo \"error: The sandbox is not in sync with the Podfile.lock. Run 'pod install' or update your CocoaPods installation.\" >&2\n    exit 1\nfi\n# This output is used by Xcode 'outputs' to avoid re-running this script phase.\necho \"SUCCESS\" > \"${SCRIPT_OUTPUT_FILE_0}\"\n";
			showEnvVarsInLog = 0;
		};
		D7069CB064AF8CBD916A6BBE /* [CP] Check Pods Manifest.lock */ = {
			isa = PBXShellScriptBuildPhase;
			buildActionMask = 2147483647;
			files = (
			);
			inputFileListPaths = (
			);
			inputPaths = (
				"${PODS_PODFILE_DIR_PATH}/Podfile.lock",
				"${PODS_ROOT}/Manifest.lock",
			);
			name = "[CP] Check Pods Manifest.lock";
			outputFileListPaths = (
			);
			outputPaths = (
				"$(DERIVED_FILE_DIR)/Pods-FunHer-checkManifestLockResult.txt",
			);
			runOnlyForDeploymentPostprocessing = 0;
			shellPath = /bin/sh;
			shellScript = "diff \"${PODS_PODFILE_DIR_PATH}/Podfile.lock\" \"${PODS_ROOT}/Manifest.lock\" > /dev/null\nif [ $? != 0 ] ; then\n    # print error to STDERR\n    echo \"error: The sandbox is not in sync with the Podfile.lock. Run 'pod install' or update your CocoaPods installation.\" >&2\n    exit 1\nfi\n# This output is used by Xcode 'outputs' to avoid re-running this script phase.\necho \"SUCCESS\" > \"${SCRIPT_OUTPUT_FILE_0}\"\n";
			showEnvVarsInLog = 0;
		};
		ED29C1F9A36765326DF31735 /* [CP] Check Pods Manifest.lock */ = {
			isa = PBXShellScriptBuildPhase;
			buildActionMask = 2147483647;
			files = (
			);
			inputFileListPaths = (
			);
			inputPaths = (
				"${PODS_PODFILE_DIR_PATH}/Podfile.lock",
				"${PODS_ROOT}/Manifest.lock",
			);
			name = "[CP] Check Pods Manifest.lock";
			outputFileListPaths = (
			);
			outputPaths = (
				"$(DERIVED_FILE_DIR)/Pods-FunHer-FunHerUITests-checkManifestLockResult.txt",
			);
			runOnlyForDeploymentPostprocessing = 0;
			shellPath = /bin/sh;
			shellScript = "diff \"${PODS_PODFILE_DIR_PATH}/Podfile.lock\" \"${PODS_ROOT}/Manifest.lock\" > /dev/null\nif [ $? != 0 ] ; then\n    # print error to STDERR\n    echo \"error: The sandbox is not in sync with the Podfile.lock. Run 'pod install' or update your CocoaPods installation.\" >&2\n    exit 1\nfi\n# This output is used by Xcode 'outputs' to avoid re-running this script phase.\necho \"SUCCESS\" > \"${SCRIPT_OUTPUT_FILE_0}\"\n";
			showEnvVarsInLog = 0;
		};
/* End PBXShellScriptBuildPhase section */

/* Begin PBXSourcesBuildPhase section */
		671CAAC92A66622A006140A8 /* Sources */ = {
			isa = PBXSourcesBuildPhase;
			buildActionMask = 2147483647;
			files = (
				67406C312A78CA8100E87AF5 /* ZLBrushBoardImageView.m in Sources */,
				6774FEA82A6A11E9005F0DB9 /* FHRootVCCommand.m in Sources */,
				67406C322A78CA8100E87AF5 /* ZLDrawItem.m in Sources */,
				6774FEAB2A6A126F005F0DB9 /* FHRealmDBCommand.m in Sources */,
				67406C1E2A78CA8100E87AF5 /* ZLAlbumListController.m in Sources */,
				67406C1F2A78CA8100E87AF5 /* ZLPhotoBrowserCell.m in Sources */,
				67406C232A78CA8100E87AF5 /* ZLInteractiveTrasition.m in Sources */,
				67406C3C2A78CA8100E87AF5 /* ZLPhotoConfiguration.m in Sources */,
				6774FEDC2A6E6745005F0DB9 /* LZDocManager.m in Sources */,
				67406C272A78CA8100E87AF5 /* NSBundle+ZLPhotoBrowser.m in Sources */,
				67406BCE2A789F2D00E87AF5 /* LZFileManager.m in Sources */,
				67406C202A78CA8100E87AF5 /* ZLForceTouchPreviewController.m in Sources */,
				67406C242A78CA8100E87AF5 /* ZLPullDownInteractiveTransition.m in Sources */,
				671CAB102A6771F8006140A8 /* NSDictionary+Json.m in Sources */,
				671CAAD82A66622A006140A8 /* ViewController.m in Sources */,
				67406C1B2A78CA8100E87AF5 /* SSPopListView.m in Sources */,
				671CAAD22A66622A006140A8 /* AppDelegate.m in Sources */,
				6774FED52A6E2AE3005F0DB9 /* LZFolderManager.m in Sources */,
				67406C2D2A78CA8100E87AF5 /* ZLCollectionCell.m in Sources */,
				67406C392A78CA8100E87AF5 /* ZLPhotoActionSheet.m in Sources */,
				67406BC02A77967500E87AF5 /* FHFileCellModel.m in Sources */,
				67406BBA2A77882C00E87AF5 /* FHFileListVC.m in Sources */,
				671CAB1F2A677712006140A8 /* NSString+Encrypt.m in Sources */,
				67406C3A2A78CA8100E87AF5 /* ZLPhotoModel.m in Sources */,
				67406C1C2A78CA8100E87AF5 /* UIControl+EnlargeTouchArea.m in Sources */,
				671CAB182A6773B2006140A8 /* UIViewController+Alert.m in Sources */,
				6774FEB12A6A1309005F0DB9 /* FHLibraryCommand.m in Sources */,
				6774FEB92A6A2D02005F0DB9 /* InAppStoreManager.m in Sources */,
				6774FEE62A6E7913005F0DB9 /* NSString+Path.m in Sources */,
				6774FECC2A6E1BF5005F0DB9 /* ImageRLM.m in Sources */,
				67406C382A78CA8100E87AF5 /* ZLThumbnailViewController.m in Sources */,
				676D7CEB2A70EB1E0077762A /* NSObject+Analytics.m in Sources */,
				671CAB0B2A67708A006140A8 /* NSObject+Properties.m in Sources */,
				67406C402A78CDDE00E87AF5 /* FHPhotoLibrary.m in Sources */,
				67406C2F2A78CA8100E87AF5 /* ZLNoAuthorityViewController.m in Sources */,
				67406C292A78CA8100E87AF5 /* ZLPlayer.m in Sources */,
				67406C2B2A78CA8100E87AF5 /* ToastUtils.m in Sources */,
				671CAB262A67C546006140A8 /* NSDate+Format.m in Sources */,
				6774FEE32A6E6DF0005F0DB9 /* FHFileDataSession.m in Sources */,
				6774FEA52A6A1177005F0DB9 /* FHServiceComandsManager.m in Sources */,
				6774FEDF2A6E69BA005F0DB9 /* LZImageManager.m in Sources */,
				67406C332A78CA8100E87AF5 /* ZLClipItem.m in Sources */,
				67406BC72A77A14200E87AF5 /* FHFileModel.m in Sources */,
				67406C2C2A78CA8100E87AF5 /* ZLEditViewController.m in Sources */,
				67406C212A78CA8100E87AF5 /* ZLPhotoManager.m in Sources */,
				6774FEE92A6EA6F5005F0DB9 /* FHReadFileSession.m in Sources */,
				676D7CEF2A70EF550077762A /* GCDTimer.m in Sources */,
				67406C2E2A78CA8100E87AF5 /* ZLVideoPlayerControl.m in Sources */,
				67406BBD2A77963600E87AF5 /* FHFileListPresent.m in Sources */,
				67406C442A78DD1100E87AF5 /* YYDispatchQueuePool.m in Sources */,
				671CAAE32A66622B006140A8 /* main.m in Sources */,
				67406C252A78CA8100E87AF5 /* ZLProgressView.m in Sources */,
				6774FEC52A6A710C005F0DB9 /* LZDBService.m in Sources */,
				6774FEAE2A6A12CF005F0DB9 /* FHAppearanceCommand.m in Sources */,
				6774FECF2A6E1C0C005F0DB9 /* DocRLM.m in Sources */,
				67406C282A78CA8100E87AF5 /* ZLCustomCamera.m in Sources */,
				67406C302A78CA8100E87AF5 /* ZLImageEditTool.m in Sources */,
				671CAB152A677354006140A8 /* NSArray+Json.m in Sources */,
				6774FEC02A6A707F005F0DB9 /* LZNetWorkManager.m in Sources */,
				67406C222A78CA8100E87AF5 /* ZLAnimateTransition.m in Sources */,
				671CAB222A67C0EB006140A8 /* NSString+TextSize.m in Sources */,
				67406BB52A77861600E87AF5 /* FHCollectionAdapter.m in Sources */,
				67406C1D2A78CA8100E87AF5 /* ZLBigImageCell.m in Sources */,
				67406C3B2A78CA8100E87AF5 /* ZLEditVideoController.m in Sources */,
				6774FED22A6E1C28005F0DB9 /* FolderRLM.m in Sources */,
				67406C2A2A78CA8100E87AF5 /* UIImage+ZLPhotoBrowser.m in Sources */,
				67406C372A78CA8100E87AF5 /* ZLShowBigImgViewController.m in Sources */,
				67406BC32A7796B700E87AF5 /* FHFileCollectionCell.m in Sources */,
				671CAB082A676EC3006140A8 /* NSObject+Swizzle.m in Sources */,
				671CAB1C2A6775F2006140A8 /* NSString+Json.m in Sources */,
				67406C262A78CA8100E87AF5 /* ZLProgressHUD.m in Sources */,
				676D7CF42A70F1030077762A /* FHToast.m in Sources */,
			);
			runOnlyForDeploymentPostprocessing = 0;
		};
		671CAAE42A66622B006140A8 /* Sources */ = {
			isa = PBXSourcesBuildPhase;
			buildActionMask = 2147483647;
			files = (
				671CAAED2A66622B006140A8 /* FunHerTests.m in Sources */,
			);
			runOnlyForDeploymentPostprocessing = 0;
		};
		671CAAEE2A66622B006140A8 /* Sources */ = {
			isa = PBXSourcesBuildPhase;
			buildActionMask = 2147483647;
			files = (
				671CAAF92A66622B006140A8 /* FunHerUITestsLaunchTests.m in Sources */,
				671CAAF72A66622B006140A8 /* FunHerUITests.m in Sources */,
			);
			runOnlyForDeploymentPostprocessing = 0;
		};
/* End PBXSourcesBuildPhase section */

/* Begin PBXTargetDependency section */
		671CAAEA2A66622B006140A8 /* PBXTargetDependency */ = {
			isa = PBXTargetDependency;
			target = 671CAACC2A66622A006140A8 /* FunHer */;
			targetProxy = 671CAAE92A66622B006140A8 /* PBXContainerItemProxy */;
		};
		671CAAF42A66622B006140A8 /* PBXTargetDependency */ = {
			isa = PBXTargetDependency;
			target = 671CAACC2A66622A006140A8 /* FunHer */;
			targetProxy = 671CAAF32A66622B006140A8 /* PBXContainerItemProxy */;
		};
/* End PBXTargetDependency section */

/* Begin PBXVariantGroup section */
		671CAADE2A66622B006140A8 /* LaunchScreen.storyboard */ = {
			isa = PBXVariantGroup;
			children = (
				671CAADF2A66622B006140A8 /* Base */,
			);
			name = LaunchScreen.storyboard;
			sourceTree = "<group>";
		};
/* End PBXVariantGroup section */

/* Begin XCBuildConfiguration section */
		671CAAFA2A66622B006140A8 /* Debug */ = {
			isa = XCBuildConfiguration;
			buildSettings = {
				ALWAYS_SEARCH_USER_PATHS = NO;
				CLANG_ANALYZER_NONNULL = YES;
				CLANG_ANALYZER_NUMBER_OBJECT_CONVERSION = YES_AGGRESSIVE;
				CLANG_CXX_LANGUAGE_STANDARD = "gnu++20";
				CLANG_ENABLE_MODULES = YES;
				CLANG_ENABLE_OBJC_ARC = YES;
				CLANG_ENABLE_OBJC_WEAK = YES;
				CLANG_WARN_BLOCK_CAPTURE_AUTORELEASING = YES;
				CLANG_WARN_BOOL_CONVERSION = YES;
				CLANG_WARN_COMMA = YES;
				CLANG_WARN_CONSTANT_CONVERSION = YES;
				CLANG_WARN_DEPRECATED_OBJC_IMPLEMENTATIONS = YES;
				CLANG_WARN_DIRECT_OBJC_ISA_USAGE = YES_ERROR;
				CLANG_WARN_DOCUMENTATION_COMMENTS = YES;
				CLANG_WARN_EMPTY_BODY = YES;
				CLANG_WARN_ENUM_CONVERSION = YES;
				CLANG_WARN_INFINITE_RECURSION = YES;
				CLANG_WARN_INT_CONVERSION = YES;
				CLANG_WARN_NON_LITERAL_NULL_CONVERSION = YES;
				CLANG_WARN_OBJC_IMPLICIT_RETAIN_SELF = YES;
				CLANG_WARN_OBJC_LITERAL_CONVERSION = YES;
				CLANG_WARN_OBJC_ROOT_CLASS = YES_ERROR;
				CLANG_WARN_QUOTED_INCLUDE_IN_FRAMEWORK_HEADER = YES;
				CLANG_WARN_RANGE_LOOP_ANALYSIS = YES;
				CLANG_WARN_STRICT_PROTOTYPES = YES;
				CLANG_WARN_SUSPICIOUS_MOVE = YES;
				CLANG_WARN_UNGUARDED_AVAILABILITY = YES_AGGRESSIVE;
				CLANG_WARN_UNREACHABLE_CODE = YES;
				CLANG_WARN__DUPLICATE_METHOD_MATCH = YES;
				COPY_PHASE_STRIP = NO;
				DEBUG_INFORMATION_FORMAT = dwarf;
				ENABLE_STRICT_OBJC_MSGSEND = YES;
				ENABLE_TESTABILITY = YES;
				GCC_C_LANGUAGE_STANDARD = gnu11;
				GCC_DYNAMIC_NO_PIC = NO;
				GCC_NO_COMMON_BLOCKS = YES;
				GCC_OPTIMIZATION_LEVEL = 0;
				GCC_PREPROCESSOR_DEFINITIONS = (
					"DEBUG=1",
					"$(inherited)",
				);
				GCC_WARN_64_TO_32_BIT_CONVERSION = YES;
				GCC_WARN_ABOUT_RETURN_TYPE = YES_ERROR;
				GCC_WARN_UNDECLARED_SELECTOR = YES;
				GCC_WARN_UNINITIALIZED_AUTOS = YES_AGGRESSIVE;
				GCC_WARN_UNUSED_FUNCTION = YES;
				GCC_WARN_UNUSED_VARIABLE = YES;
				IPHONEOS_DEPLOYMENT_TARGET = 13.0;
				MTL_ENABLE_DEBUG_INFO = INCLUDE_SOURCE;
				MTL_FAST_MATH = YES;
				ONLY_ACTIVE_ARCH = YES;
				SDKROOT = iphoneos;
			};
			name = Debug;
		};
		671CAAFB2A66622B006140A8 /* Release */ = {
			isa = XCBuildConfiguration;
			buildSettings = {
				ALWAYS_SEARCH_USER_PATHS = NO;
				CLANG_ANALYZER_NONNULL = YES;
				CLANG_ANALYZER_NUMBER_OBJECT_CONVERSION = YES_AGGRESSIVE;
				CLANG_CXX_LANGUAGE_STANDARD = "gnu++20";
				CLANG_ENABLE_MODULES = YES;
				CLANG_ENABLE_OBJC_ARC = YES;
				CLANG_ENABLE_OBJC_WEAK = YES;
				CLANG_WARN_BLOCK_CAPTURE_AUTORELEASING = YES;
				CLANG_WARN_BOOL_CONVERSION = YES;
				CLANG_WARN_COMMA = YES;
				CLANG_WARN_CONSTANT_CONVERSION = YES;
				CLANG_WARN_DEPRECATED_OBJC_IMPLEMENTATIONS = YES;
				CLANG_WARN_DIRECT_OBJC_ISA_USAGE = YES_ERROR;
				CLANG_WARN_DOCUMENTATION_COMMENTS = YES;
				CLANG_WARN_EMPTY_BODY = YES;
				CLANG_WARN_ENUM_CONVERSION = YES;
				CLANG_WARN_INFINITE_RECURSION = YES;
				CLANG_WARN_INT_CONVERSION = YES;
				CLANG_WARN_NON_LITERAL_NULL_CONVERSION = YES;
				CLANG_WARN_OBJC_IMPLICIT_RETAIN_SELF = YES;
				CLANG_WARN_OBJC_LITERAL_CONVERSION = YES;
				CLANG_WARN_OBJC_ROOT_CLASS = YES_ERROR;
				CLANG_WARN_QUOTED_INCLUDE_IN_FRAMEWORK_HEADER = YES;
				CLANG_WARN_RANGE_LOOP_ANALYSIS = YES;
				CLANG_WARN_STRICT_PROTOTYPES = YES;
				CLANG_WARN_SUSPICIOUS_MOVE = YES;
				CLANG_WARN_UNGUARDED_AVAILABILITY = YES_AGGRESSIVE;
				CLANG_WARN_UNREACHABLE_CODE = YES;
				CLANG_WARN__DUPLICATE_METHOD_MATCH = YES;
				COPY_PHASE_STRIP = NO;
				DEBUG_INFORMATION_FORMAT = "dwarf-with-dsym";
				ENABLE_NS_ASSERTIONS = NO;
				ENABLE_STRICT_OBJC_MSGSEND = YES;
				GCC_C_LANGUAGE_STANDARD = gnu11;
				GCC_NO_COMMON_BLOCKS = YES;
				GCC_WARN_64_TO_32_BIT_CONVERSION = YES;
				GCC_WARN_ABOUT_RETURN_TYPE = YES_ERROR;
				GCC_WARN_UNDECLARED_SELECTOR = YES;
				GCC_WARN_UNINITIALIZED_AUTOS = YES_AGGRESSIVE;
				GCC_WARN_UNUSED_FUNCTION = YES;
				GCC_WARN_UNUSED_VARIABLE = YES;
				IPHONEOS_DEPLOYMENT_TARGET = 13.0;
				MTL_ENABLE_DEBUG_INFO = NO;
				MTL_FAST_MATH = YES;
				SDKROOT = iphoneos;
				VALIDATE_PRODUCT = YES;
			};
			name = Release;
		};
		671CAAFD2A66622B006140A8 /* Debug */ = {
			isa = XCBuildConfiguration;
			baseConfigurationReference = 2E2A187D1FD5CB01EA752829 /* Pods-FunHer.debug.xcconfig */;
			buildSettings = {
				ASSETCATALOG_COMPILER_APPICON_NAME = AppIcon;
				ASSETCATALOG_COMPILER_GLOBAL_ACCENT_COLOR_NAME = AccentColor;
				CODE_SIGN_STYLE = Automatic;
				CURRENT_PROJECT_VERSION = 1;
				DEVELOPMENT_TEAM = Q4CBEAS4L8;
				GCC_PRECOMPILE_PREFIX_HEADER = YES;
				GCC_PREFIX_HEADER = "$(SRCROOT)/FunHer/Headers/FunHer-Prefix.pch";
				GENERATE_INFOPLIST_FILE = YES;
				INFOPLIST_FILE = FunHer/Info.plist;
				INFOPLIST_KEY_CFBundleDisplayName = "Tiny Docs";
				INFOPLIST_KEY_UIApplicationSupportsIndirectInputEvents = YES;
				INFOPLIST_KEY_UILaunchStoryboardName = LaunchScreen;
				INFOPLIST_KEY_UIRequiresFullScreen = YES;
				INFOPLIST_KEY_UISupportedInterfaceOrientations = UIInterfaceOrientationPortrait;
				INFOPLIST_KEY_UISupportedInterfaceOrientations_iPad = "UIInterfaceOrientationLandscapeLeft UIInterfaceOrientationLandscapeRight UIInterfaceOrientationPortrait UIInterfaceOrientationPortraitUpsideDown";
				IPHONEOS_DEPLOYMENT_TARGET = 13.0;
				LD_RUNPATH_SEARCH_PATHS = (
					"$(inherited)",
					"@executable_path/Frameworks",
				);
				MARKETING_VERSION = 1.0;
				PRODUCT_BUNDLE_IDENTIFIER = com.gla.FunHer;
				PRODUCT_NAME = "$(TARGET_NAME)";
				SUPPORTED_PLATFORMS = "iphoneos iphonesimulator";
				SUPPORTS_MACCATALYST = NO;
				SUPPORTS_MAC_DESIGNED_FOR_IPHONE_IPAD = NO;
				SWIFT_EMIT_LOC_STRINGS = YES;
				TARGETED_DEVICE_FAMILY = 1;
			};
			name = Debug;
		};
		671CAAFE2A66622B006140A8 /* Release */ = {
			isa = XCBuildConfiguration;
			baseConfigurationReference = D6A7C5640D4271641CFD015E /* Pods-FunHer.release.xcconfig */;
			buildSettings = {
				ASSETCATALOG_COMPILER_APPICON_NAME = AppIcon;
				ASSETCATALOG_COMPILER_GLOBAL_ACCENT_COLOR_NAME = AccentColor;
				CODE_SIGN_STYLE = Automatic;
				CURRENT_PROJECT_VERSION = 1;
				DEVELOPMENT_TEAM = Q4CBEAS4L8;
				GCC_PRECOMPILE_PREFIX_HEADER = YES;
				GCC_PREFIX_HEADER = "$(SRCROOT)/FunHer/Headers/FunHer-Prefix.pch";
				GENERATE_INFOPLIST_FILE = YES;
				INFOPLIST_FILE = FunHer/Info.plist;
				INFOPLIST_KEY_CFBundleDisplayName = "Tiny Docs";
				INFOPLIST_KEY_UIApplicationSupportsIndirectInputEvents = YES;
				INFOPLIST_KEY_UILaunchStoryboardName = LaunchScreen;
				INFOPLIST_KEY_UIRequiresFullScreen = YES;
				INFOPLIST_KEY_UISupportedInterfaceOrientations = UIInterfaceOrientationPortrait;
				INFOPLIST_KEY_UISupportedInterfaceOrientations_iPad = "UIInterfaceOrientationLandscapeLeft UIInterfaceOrientationLandscapeRight UIInterfaceOrientationPortrait UIInterfaceOrientationPortraitUpsideDown";
				IPHONEOS_DEPLOYMENT_TARGET = 13.0;
				LD_RUNPATH_SEARCH_PATHS = (
					"$(inherited)",
					"@executable_path/Frameworks",
				);
				MARKETING_VERSION = 1.0;
				PRODUCT_BUNDLE_IDENTIFIER = com.gla.FunHer;
				PRODUCT_NAME = "$(TARGET_NAME)";
				SUPPORTED_PLATFORMS = "iphoneos iphonesimulator";
				SUPPORTS_MACCATALYST = NO;
				SUPPORTS_MAC_DESIGNED_FOR_IPHONE_IPAD = NO;
				SWIFT_EMIT_LOC_STRINGS = YES;
				TARGETED_DEVICE_FAMILY = 1;
			};
			name = Release;
		};
		671CAB002A66622B006140A8 /* Debug */ = {
			isa = XCBuildConfiguration;
			baseConfigurationReference = CE0751C380392153ECB3C515 /* Pods-FunHerTests.debug.xcconfig */;
			buildSettings = {
				BUNDLE_LOADER = "$(TEST_HOST)";
				CODE_SIGN_STYLE = Automatic;
				CURRENT_PROJECT_VERSION = 1;
				DEVELOPMENT_TEAM = Q4CBEAS4L8;
				GENERATE_INFOPLIST_FILE = YES;
				IPHONEOS_DEPLOYMENT_TARGET = 16.4;
				MARKETING_VERSION = 1.0;
				PRODUCT_BUNDLE_IDENTIFIER = com.gla.FunHerTests;
				PRODUCT_NAME = "$(TARGET_NAME)";
				SWIFT_EMIT_LOC_STRINGS = NO;
				TARGETED_DEVICE_FAMILY = "1,2";
				TEST_HOST = "$(BUILT_PRODUCTS_DIR)/FunHer.app/$(BUNDLE_EXECUTABLE_FOLDER_PATH)/FunHer";
			};
			name = Debug;
		};
		671CAB012A66622B006140A8 /* Release */ = {
			isa = XCBuildConfiguration;
			baseConfigurationReference = A9D2876EAEDE7A21A84452BF /* Pods-FunHerTests.release.xcconfig */;
			buildSettings = {
				BUNDLE_LOADER = "$(TEST_HOST)";
				CODE_SIGN_STYLE = Automatic;
				CURRENT_PROJECT_VERSION = 1;
				DEVELOPMENT_TEAM = Q4CBEAS4L8;
				GENERATE_INFOPLIST_FILE = YES;
				IPHONEOS_DEPLOYMENT_TARGET = 16.4;
				MARKETING_VERSION = 1.0;
				PRODUCT_BUNDLE_IDENTIFIER = com.gla.FunHerTests;
				PRODUCT_NAME = "$(TARGET_NAME)";
				SWIFT_EMIT_LOC_STRINGS = NO;
				TARGETED_DEVICE_FAMILY = "1,2";
				TEST_HOST = "$(BUILT_PRODUCTS_DIR)/FunHer.app/$(BUNDLE_EXECUTABLE_FOLDER_PATH)/FunHer";
			};
			name = Release;
		};
		671CAB032A66622B006140A8 /* Debug */ = {
			isa = XCBuildConfiguration;
			baseConfigurationReference = 766B2729B846C048293D9ACF /* Pods-FunHer-FunHerUITests.debug.xcconfig */;
			buildSettings = {
				CODE_SIGN_STYLE = Automatic;
				CURRENT_PROJECT_VERSION = 1;
				DEVELOPMENT_TEAM = Q4CBEAS4L8;
				GENERATE_INFOPLIST_FILE = YES;
				MARKETING_VERSION = 1.0;
				PRODUCT_BUNDLE_IDENTIFIER = com.gla.FunHerUITests;
				PRODUCT_NAME = "$(TARGET_NAME)";
				SWIFT_EMIT_LOC_STRINGS = NO;
				TARGETED_DEVICE_FAMILY = "1,2";
				TEST_TARGET_NAME = FunHer;
			};
			name = Debug;
		};
		671CAB042A66622B006140A8 /* Release */ = {
			isa = XCBuildConfiguration;
			baseConfigurationReference = 98A625AD7A3E41E1ACACF6B9 /* Pods-FunHer-FunHerUITests.release.xcconfig */;
			buildSettings = {
				CODE_SIGN_STYLE = Automatic;
				CURRENT_PROJECT_VERSION = 1;
				DEVELOPMENT_TEAM = Q4CBEAS4L8;
				GENERATE_INFOPLIST_FILE = YES;
				MARKETING_VERSION = 1.0;
				PRODUCT_BUNDLE_IDENTIFIER = com.gla.FunHerUITests;
				PRODUCT_NAME = "$(TARGET_NAME)";
				SWIFT_EMIT_LOC_STRINGS = NO;
				TARGETED_DEVICE_FAMILY = "1,2";
				TEST_TARGET_NAME = FunHer;
			};
			name = Release;
		};
/* End XCBuildConfiguration section */

/* Begin XCConfigurationList section */
		671CAAC82A66622A006140A8 /* Build configuration list for PBXProject "FunHer" */ = {
			isa = XCConfigurationList;
			buildConfigurations = (
				671CAAFA2A66622B006140A8 /* Debug */,
				671CAAFB2A66622B006140A8 /* Release */,
			);
			defaultConfigurationIsVisible = 0;
			defaultConfigurationName = Release;
		};
		671CAAFC2A66622B006140A8 /* Build configuration list for PBXNativeTarget "FunHer" */ = {
			isa = XCConfigurationList;
			buildConfigurations = (
				671CAAFD2A66622B006140A8 /* Debug */,
				671CAAFE2A66622B006140A8 /* Release */,
			);
			defaultConfigurationIsVisible = 0;
			defaultConfigurationName = Release;
		};
		671CAAFF2A66622B006140A8 /* Build configuration list for PBXNativeTarget "FunHerTests" */ = {
			isa = XCConfigurationList;
			buildConfigurations = (
				671CAB002A66622B006140A8 /* Debug */,
				671CAB012A66622B006140A8 /* Release */,
			);
			defaultConfigurationIsVisible = 0;
			defaultConfigurationName = Release;
		};
		671CAB022A66622B006140A8 /* Build configuration list for PBXNativeTarget "FunHerUITests" */ = {
			isa = XCConfigurationList;
			buildConfigurations = (
				671CAB032A66622B006140A8 /* Debug */,
				671CAB042A66622B006140A8 /* Release */,
			);
			defaultConfigurationIsVisible = 0;
			defaultConfigurationName = Release;
		};
/* End XCConfigurationList section */
	};
	rootObject = 671CAAC52A66622A006140A8 /* Project object */;
}
