PODS:
  - AFNetworking (4.0.1):
    - AFNetworking/NSURLSession (= 4.0.1)
    - AFNetworking/Reachability (= 4.0.1)
    - AFNetworking/Security (= 4.0.1)
    - AFNetworking/Serialization (= 4.0.1)
    - AFNetworking/UIKit (= 4.0.1)
  - AFNetworking/NSURLSession (4.0.1):
    - AFNetworking/Reachability
    - AFNetworking/Security
    - AFNetworking/Serialization
  - AFNetworking/Reachability (4.0.1)
  - AFNetworking/Security (4.0.1)
  - AFNetworking/Serialization (4.0.1)
  - AFNetworking/UIKit (4.0.1):
    - AFNetworking/NSURLSession
  - GPUImage (0.1.7)
  - Masonry (1.1.0)
  - MJRefresh (3.7.5)
  - OpenCV (3.4.6)
  - Realm (10.29.0):
    - Realm/Headers (= 10.29.0)
  - Realm/Headers (10.29.0)
  - SDWebImage (5.16.0):
    - SDWebImage/Core (= 5.16.0)
  - SDWebImage/Core (5.16.0)
  - SVProgressHUD (2.2.5)
  - YYModel (1.0.4)

DEPENDENCIES:
  - AFNetworking (~> 4.0.1)
  - GPUImage (~> 0.1.7)
  - Masonry (~> 1.1.0)
  - MJRefresh (~> 3.7.5)
  - OpenCV (~> 3.4.6)
  - Realm (~> 10.29.0)
  - SDWebImage (~> 5.0)
  - SVProgressHUD (~> 2.2.5)
  - YYModel (~> 1.0.4)

SPEC REPOS:
  trunk:
    - AFNetworking
    - GPUImage
    - Masonry
    - MJRefresh
    - OpenCV
    - Realm
    - SDWebImage
    - SVProgressHUD
    - YYModel

SPEC CHECKSUMS:
  AFNetworking: 3bd23d814e976cd148d7d44c3ab78017b744cd58
  GPUImage: 733a5f0fab92df9de1c37ba9df520a833ccb406d
  Masonry: 678fab65091a9290e40e2832a55e7ab731aad201
  MJRefresh: fdf5e979eb406a0341468932d1dfc8b7f9fce961
  OpenCV: 1df7b8ab75900ef4365905b989bf60f5ca4101aa
  Realm: 5596770daeff1ad76c8eb10d5947dc10472da779
  SDWebImage: 2aea163b50bfcb569a2726b6a754c54a4506fcf6
  SVProgressHUD: 1428aafac632c1f86f62aa4243ec12008d7a51d6
  YYModel: 2a7fdd96aaa4b86a824e26d0c517de8928c04b30

PODFILE CHECKSUM: 59e91dc22201c031e63819421c913b2ee0746fce

COCOAPODS: 1.12.1
